// !$*UTF8*$!
{
	archiveVersion = 1;
	classes = {
	};
	objectVersion = 77;
	objects = {

/* Begin PBXBuildFile section */
		CB09DB612DDCF7CD00BE30F7 /* SpacerView.swift in Sources */ = {isa = PBXBuildFile; fileRef = CB09DB602DDCF7CD00BE30F7 /* SpacerView.swift */; };
		CB09DB632DDCFAE000BE30F7 /* SpacerWithImages.swift in Sources */ = {isa = PBXBuildFile; fileRef = CB09DB622DDCFAE000BE30F7 /* SpacerWithImages.swift */; };
		CB1C76D62DD87C6C00DBDAB0 /* SystemIcon_MultiColorIcon_SFSymbol.swift in Sources */ = {isa = PBXBuildFile; fileRef = CB1C76D52DD87C6C00DBDAB0 /* SystemIcon_MultiColorIcon_SFSymbol.swift */; };
		CB1C76D92DD8801C00DBDAB0 /* AssetsImages.swift in Sources */ = {isa = PBXBuildFile; fileRef = CB1C76D82DD8801C00DBDAB0 /* AssetsImages.swift */; };
		CB1C76E82DD896DA00DBDAB0 /* FrameView.swift in Sources */ = {isa = PBXBuildFile; fileRef = CB1C76E72DD896DA00DBDAB0 /* FrameView.swift */; };
		CB1C76EB2DD90FD700DBDAB0 /* BackgroundView.swift in Sources */ = {isa = PBXBuildFile; fileRef = CB1C76EA2DD90FD700DBDAB0 /* BackgroundView.swift */; };
		CB1C76ED2DD91BB100DBDAB0 /* OverlayInCircleView.swift in Sources */ = {isa = PBXBuildFile; fileRef = CB1C76EC2DD91BB100DBDAB0 /* OverlayInCircleView.swift */; };
		CB1C76EF2DD91C2200DBDAB0 /* OverlayInRectangleView.swift in Sources */ = {isa = PBXBuildFile; fileRef = CB1C76EE2DD91C2200DBDAB0 /* OverlayInRectangleView.swift */; };
		CB1C76F12DD91C9A00DBDAB0 /* OverlayUseInNotificationBedgeView.swift in Sources */ = {isa = PBXBuildFile; fileRef = CB1C76F02DD91C9A00DBDAB0 /* OverlayUseInNotificationBedgeView.swift */; };
		CB1FDB462DDE4D45007C4347 /* InitializerAndEnumView.swift in Sources */ = {isa = PBXBuildFile; fileRef = CB1FDB452DDE4D45007C4347 /* InitializerAndEnumView.swift */; };
		CB3071DF2DD3B0F100ADDFC7 /* UIColors_ColorsLiterals_HexColors.swift in Sources */ = {isa = PBXBuildFile; fileRef = CB3071DE2DD3B0F100ADDFC7 /* UIColors_ColorsLiterals_HexColors.swift */; };
		CB3071E12DD3BE0A00ADDFC7 /* Linear_Radical_Angular_Gradients.swift in Sources */ = {isa = PBXBuildFile; fileRef = CB3071E02DD3BE0A00ADDFC7 /* Linear_Radical_Angular_Gradients.swift */; };
		CB32ABA62DDF958F00B83C31 /* VerticalScrollView.swift in Sources */ = {isa = PBXBuildFile; fileRef = CB32ABA52DDF958F00B83C31 /* VerticalScrollView.swift */; };
		CB32ABB42DDFA00D00B83C31 /* HorizontalScrollView.swift in Sources */ = {isa = PBXBuildFile; fileRef = CB32ABB32DDFA00D00B83C31 /* HorizontalScrollView.swift */; };
		CB8061992DE0ECDC0005E524 /* VerticalAndHorizontalScrollView.swift in Sources */ = {isa = PBXBuildFile; fileRef = CB8061982DE0ECDC0005E524 /* VerticalAndHorizontalScrollView.swift */; };
		CBB3F4E92DD26850006A98F8 /* ContentView.swift in Sources */ = {isa = PBXBuildFile; fileRef = CBB3F4E62DD26850006A98F8 /* ContentView.swift */; };
		CBB3F4EA2DD26850006A98F8 /* SwiftUILearningApp.swift in Sources */ = {isa = PBXBuildFile; fileRef = CBB3F4E72DD26850006A98F8 /* SwiftUILearningApp.swift */; };
		CBB3F4EB2DD26850006A98F8 /* Assets.xcassets in Resources */ = {isa = PBXBuildFile; fileRef = CBB3F4E52DD26850006A98F8 /* Assets.xcassets */; };
		CBB3F4EE2DD26878006A98F8 /* TextView.swift in Sources */ = {isa = PBXBuildFile; fileRef = CBB3F4ED2DD26878006A98F8 /* TextView.swift */; };
		CBB3F4F02DD27255006A98F8 /* ShapesView.swift in Sources */ = {isa = PBXBuildFile; fileRef = CBB3F4EF2DD27255006A98F8 /* ShapesView.swift */; };
		CBDB85362DDBA1F10007F538 /* VStackView.swift in Sources */ = {isa = PBXBuildFile; fileRef = CBDB85352DDBA1F10007F538 /* VStackView.swift */; };
		CBDB85382DDBA2C10007F538 /* HStackView.swift in Sources */ = {isa = PBXBuildFile; fileRef = CBDB85372DDBA2C10007F538 /* HStackView.swift */; };
		CBDB853A2DDBA3780007F538 /* ZStackView.swift in Sources */ = {isa = PBXBuildFile; fileRef = CBDB85392DDBA3780007F538 /* ZStackView.swift */; };
		CBDB853C2DDBA7A70007F538 /* ZStack_VStack_HStack_View.swift in Sources */ = {isa = PBXBuildFile; fileRef = CBDB853B2DDBA7A70007F538 /* ZStack_VStack_HStack_View.swift */; };
		CBDB853F2DDBB2A10007F538 /* PaddingView.swift in Sources */ = {isa = PBXBuildFile; fileRef = CBDB853E2DDBB2A10007F538 /* PaddingView.swift */; };
		CBDB85412DDBB4580007F538 /* PaddingWithVStack.swift in Sources */ = {isa = PBXBuildFile; fileRef = CBDB85402DDBB4580007F538 /* PaddingWithVStack.swift */; };
		CBF750902DDF87A000DC88E1 /* ForEachLoopView.swift in Sources */ = {isa = PBXBuildFile; fileRef = CBF7508F2DDF87A000DC88E1 /* ForEachLoopView.swift */; };
/* End PBXBuildFile section */

/* Begin PBXContainerItemProxy section */
		CB01009F2DD253DD005B1BA1 /* PBXContainerItemProxy */ = {
			isa = PBXContainerItemProxy;
			containerPortal = CB0100892DD253DC005B1BA1 /* Project object */;
			proxyType = 1;
			remoteGlobalIDString = CB0100902DD253DC005B1BA1;
			remoteInfo = SwiftUILearning;
		};
		CB0100A92DD253DD005B1BA1 /* PBXContainerItemProxy */ = {
			isa = PBXContainerItemProxy;
			containerPortal = CB0100892DD253DC005B1BA1 /* Project object */;
			proxyType = 1;
			remoteGlobalIDString = CB0100902DD253DC005B1BA1;
			remoteInfo = SwiftUILearning;
		};
/* End PBXContainerItemProxy section */

/* Begin PBXFileReference section */
		CB0100912DD253DC005B1BA1 /* SwiftUILearning.app */ = {isa = PBXFileReference; explicitFileType = wrapper.application; includeInIndex = 0; path = SwiftUILearning.app; sourceTree = BUILT_PRODUCTS_DIR; };
		CB01009E2DD253DD005B1BA1 /* SwiftUILearningTests.xctest */ = {isa = PBXFileReference; explicitFileType = wrapper.cfbundle; includeInIndex = 0; path = SwiftUILearningTests.xctest; sourceTree = BUILT_PRODUCTS_DIR; };
		CB0100A82DD253DD005B1BA1 /* SwiftUILearningUITests.xctest */ = {isa = PBXFileReference; explicitFileType = wrapper.cfbundle; includeInIndex = 0; path = SwiftUILearningUITests.xctest; sourceTree = BUILT_PRODUCTS_DIR; };
		CB09DB602DDCF7CD00BE30F7 /* SpacerView.swift */ = {isa = PBXFileReference; lastKnownFileType = sourcecode.swift; path = SpacerView.swift; sourceTree = "<group>"; };
		CB09DB622DDCFAE000BE30F7 /* SpacerWithImages.swift */ = {isa = PBXFileReference; lastKnownFileType = sourcecode.swift; path = SpacerWithImages.swift; sourceTree = "<group>"; };
		CB1C76D52DD87C6C00DBDAB0 /* SystemIcon_MultiColorIcon_SFSymbol.swift */ = {isa = PBXFileReference; lastKnownFileType = sourcecode.swift; path = SystemIcon_MultiColorIcon_SFSymbol.swift; sourceTree = "<group>"; };
		CB1C76D82DD8801C00DBDAB0 /* AssetsImages.swift */ = {isa = PBXFileReference; lastKnownFileType = sourcecode.swift; path = AssetsImages.swift; sourceTree = "<group>"; };
		CB1C76E72DD896DA00DBDAB0 /* FrameView.swift */ = {isa = PBXFileReference; lastKnownFileType = sourcecode.swift; path = FrameView.swift; sourceTree = "<group>"; };
		CB1C76EA2DD90FD700DBDAB0 /* BackgroundView.swift */ = {isa = PBXFileReference; lastKnownFileType = sourcecode.swift; path = BackgroundView.swift; sourceTree = "<group>"; };
		CB1C76EC2DD91BB100DBDAB0 /* OverlayInCircleView.swift */ = {isa = PBXFileReference; lastKnownFileType = sourcecode.swift; path = OverlayInCircleView.swift; sourceTree = "<group>"; };
		CB1C76EE2DD91C2200DBDAB0 /* OverlayInRectangleView.swift */ = {isa = PBXFileReference; lastKnownFileType = sourcecode.swift; path = OverlayInRectangleView.swift; sourceTree = "<group>"; };
		CB1C76F02DD91C9A00DBDAB0 /* OverlayUseInNotificationBedgeView.swift */ = {isa = PBXFileReference; lastKnownFileType = sourcecode.swift; path = OverlayUseInNotificationBedgeView.swift; sourceTree = "<group>"; };
		CB1FDB452DDE4D45007C4347 /* InitializerAndEnumView.swift */ = {isa = PBXFileReference; lastKnownFileType = sourcecode.swift; path = InitializerAndEnumView.swift; sourceTree = "<group>"; };
		CB3071DE2DD3B0F100ADDFC7 /* UIColors_ColorsLiterals_HexColors.swift */ = {isa = PBXFileReference; lastKnownFileType = sourcecode.swift; path = UIColors_ColorsLiterals_HexColors.swift; sourceTree = "<group>"; };
		CB3071E02DD3BE0A00ADDFC7 /* Linear_Radical_Angular_Gradients.swift */ = {isa = PBXFileReference; lastKnownFileType = sourcecode.swift; path = Linear_Radical_Angular_Gradients.swift; sourceTree = "<group>"; };
		CB32ABA52DDF958F00B83C31 /* VerticalScrollView.swift */ = {isa = PBXFileReference; lastKnownFileType = sourcecode.swift; path = VerticalScrollView.swift; sourceTree = "<group>"; };
		CB32ABB32DDFA00D00B83C31 /* HorizontalScrollView.swift */ = {isa = PBXFileReference; lastKnownFileType = sourcecode.swift; path = HorizontalScrollView.swift; sourceTree = "<group>"; };
		CB8061982DE0ECDC0005E524 /* VerticalAndHorizontalScrollView.swift */ = {isa = PBXFileReference; lastKnownFileType = sourcecode.swift; path = VerticalAndHorizontalScrollView.swift; sourceTree = "<group>"; };
		CBB3F4E52DD26850006A98F8 /* Assets.xcassets */ = {isa = PBXFileReference; lastKnownFileType = folder.assetcatalog; path = Assets.xcassets; sourceTree = "<group>"; };
		CBB3F4E62DD26850006A98F8 /* ContentView.swift */ = {isa = PBXFileReference; lastKnownFileType = sourcecode.swift; path = ContentView.swift; sourceTree = "<group>"; };
		CBB3F4E72DD26850006A98F8 /* SwiftUILearningApp.swift */ = {isa = PBXFileReference; lastKnownFileType = sourcecode.swift; path = SwiftUILearningApp.swift; sourceTree = "<group>"; };
		CBB3F4ED2DD26878006A98F8 /* TextView.swift */ = {isa = PBXFileReference; lastKnownFileType = sourcecode.swift; path = TextView.swift; sourceTree = "<group>"; };
		CBB3F4EF2DD27255006A98F8 /* ShapesView.swift */ = {isa = PBXFileReference; lastKnownFileType = sourcecode.swift; path = ShapesView.swift; sourceTree = "<group>"; };
		CBDB85352DDBA1F10007F538 /* VStackView.swift */ = {isa = PBXFileReference; lastKnownFileType = sourcecode.swift; path = VStackView.swift; sourceTree = "<group>"; };
		CBDB85372DDBA2C10007F538 /* HStackView.swift */ = {isa = PBXFileReference; lastKnownFileType = sourcecode.swift; path = HStackView.swift; sourceTree = "<group>"; };
		CBDB85392DDBA3780007F538 /* ZStackView.swift */ = {isa = PBXFileReference; lastKnownFileType = sourcecode.swift; path = ZStackView.swift; sourceTree = "<group>"; };
		CBDB853B2DDBA7A70007F538 /* ZStack_VStack_HStack_View.swift */ = {isa = PBXFileReference; lastKnownFileType = sourcecode.swift; path = ZStack_VStack_HStack_View.swift; sourceTree = "<group>"; };
		CBDB853E2DDBB2A10007F538 /* PaddingView.swift */ = {isa = PBXFileReference; lastKnownFileType = sourcecode.swift; path = PaddingView.swift; sourceTree = "<group>"; };
		CBDB85402DDBB4580007F538 /* PaddingWithVStack.swift */ = {isa = PBXFileReference; lastKnownFileType = sourcecode.swift; path = PaddingWithVStack.swift; sourceTree = "<group>"; };
		CBF7508F2DDF87A000DC88E1 /* ForEachLoopView.swift */ = {isa = PBXFileReference; lastKnownFileType = sourcecode.swift; path = ForEachLoopView.swift; sourceTree = "<group>"; };
/* End PBXFileReference section */

/* Begin PBXFileSystemSynchronizedRootGroup section */
		CB0100A12DD253DD005B1BA1 /* SwiftUILearningTests */ = {
			isa = PBXFileSystemSynchronizedRootGroup;
			path = SwiftUILearningTests;
			sourceTree = "<group>";
		};
		CB0100AB2DD253DD005B1BA1 /* SwiftUILearningUITests */ = {
			isa = PBXFileSystemSynchronizedRootGroup;
			path = SwiftUILearningUITests;
			sourceTree = "<group>";
		};
/* End PBXFileSystemSynchronizedRootGroup section */

/* Begin PBXFrameworksBuildPhase section */
		CB01008E2DD253DC005B1BA1 /* Frameworks */ = {
			isa = PBXFrameworksBuildPhase;
			buildActionMask = 2147483647;
			files = (
			);
			runOnlyForDeploymentPostprocessing = 0;
		};
		CB01009B2DD253DD005B1BA1 /* Frameworks */ = {
			isa = PBXFrameworksBuildPhase;
			buildActionMask = 2147483647;
			files = (
			);
			runOnlyForDeploymentPostprocessing = 0;
		};
		CB0100A52DD253DD005B1BA1 /* Frameworks */ = {
			isa = PBXFrameworksBuildPhase;
			buildActionMask = 2147483647;
			files = (
			);
			runOnlyForDeploymentPostprocessing = 0;
		};
/* End PBXFrameworksBuildPhase section */

/* Begin PBXGroup section */
		CB0100882DD253DC005B1BA1 = {
			isa = PBXGroup;
			children = (
				CBB3F4E82DD26850006A98F8 /* SwiftUILearning */,
				CB0100A12DD253DD005B1BA1 /* SwiftUILearningTests */,
				CB0100AB2DD253DD005B1BA1 /* SwiftUILearningUITests */,
				CB0100922DD253DC005B1BA1 /* Products */,
			);
			sourceTree = "<group>";
		};
		CB0100922DD253DC005B1BA1 /* Products */ = {
			isa = PBXGroup;
			children = (
				CB0100912DD253DC005B1BA1 /* SwiftUILearning.app */,
				CB01009E2DD253DD005B1BA1 /* SwiftUILearningTests.xctest */,
				CB0100A82DD253DD005B1BA1 /* SwiftUILearningUITests.xctest */,
			);
			name = Products;
			sourceTree = "<group>";
		};
		CB1C76D42DD87C2500DBDAB0 /* ImagesAndSymbols */ = {
			isa = PBXGroup;
			children = (
				CB1C76D52DD87C6C00DBDAB0 /* SystemIcon_MultiColorIcon_SFSymbol.swift */,
				CB1C76D82DD8801C00DBDAB0 /* AssetsImages.swift */,
			);
			path = ImagesAndSymbols;
			sourceTree = "<group>";
		};
		CB1C76D72DD87FCF00DBDAB0 /* TextAndShapes */ = {
			isa = PBXGroup;
			children = (
				CBB3F4ED2DD26878006A98F8 /* TextView.swift */,
				CBB3F4EF2DD27255006A98F8 /* ShapesView.swift */,
			);
			path = TextAndShapes;
			sourceTree = "<group>";
		};
		CB1C76E62DD8876B00DBDAB0 /* FramesAndAlingement */ = {
			isa = PBXGroup;
			children = (
				CB1C76E72DD896DA00DBDAB0 /* FrameView.swift */,
			);
			path = FramesAndAlingement;
			sourceTree = "<group>";
		};
		CB1C76E92DD90FAF00DBDAB0 /* BackgroundAndOverlays */ = {
			isa = PBXGroup;
			children = (
				CB1C76EA2DD90FD700DBDAB0 /* BackgroundView.swift */,
				CB1C76EC2DD91BB100DBDAB0 /* OverlayInCircleView.swift */,
				CB1C76EE2DD91C2200DBDAB0 /* OverlayInRectangleView.swift */,
				CB1C76F02DD91C9A00DBDAB0 /* OverlayUseInNotificationBedgeView.swift */,
			);
			path = BackgroundAndOverlays;
			sourceTree = "<group>";
		};
		CB1FDB442DDE4D2D007C4347 /* InitializersAndEnums */ = {
			isa = PBXGroup;
			children = (
				CB1FDB452DDE4D45007C4347 /* InitializerAndEnumView.swift */,
			);
			path = InitializersAndEnums;
			sourceTree = "<group>";
		};
		CB3071DD2DD3B09E00ADDFC7 /* Colors */ = {
			isa = PBXGroup;
			children = (
				CB3071DE2DD3B0F100ADDFC7 /* UIColors_ColorsLiterals_HexColors.swift */,
				CB3071E02DD3BE0A00ADDFC7 /* Linear_Radical_Angular_Gradients.swift */,
			);
			path = Colors;
			sourceTree = "<group>";
		};
		CBB3F4E82DD26850006A98F8 /* SwiftUILearning */ = {
			isa = PBXGroup;
			children = (
				CBB3F4EC2DD2685C006A98F8 /* UIComponents */,
				CBB3F4E52DD26850006A98F8 /* Assets.xcassets */,
				CBB3F4E62DD26850006A98F8 /* ContentView.swift */,
				CBB3F4E72DD26850006A98F8 /* SwiftUILearningApp.swift */,
			);
			path = SwiftUILearning;
			sourceTree = "<group>";
		};
		CBB3F4EC2DD2685C006A98F8 /* UIComponents */ = {
			isa = PBXGroup;
			children = (
				CBF750912DDF919800DC88E1 /* ScrollView */,
				CBF7508E2DDF878A00DC88E1 /* ForEachLoop */,
				CB1FDB442DDE4D2D007C4347 /* InitializersAndEnums */,
				CBDB853D2DDBB1210007F538 /* PaddingAndSpacer */,
				CBDB85342DDBA0D40007F538 /* Stacks */,
				CB1C76E92DD90FAF00DBDAB0 /* BackgroundAndOverlays */,
				CB1C76E62DD8876B00DBDAB0 /* FramesAndAlingement */,
				CB1C76D42DD87C2500DBDAB0 /* ImagesAndSymbols */,
				CB3071DD2DD3B09E00ADDFC7 /* Colors */,
				CB1C76D72DD87FCF00DBDAB0 /* TextAndShapes */,
			);
			path = UIComponents;
			sourceTree = "<group>";
		};
		CBDB85342DDBA0D40007F538 /* Stacks */ = {
			isa = PBXGroup;
			children = (
				CBDB85352DDBA1F10007F538 /* VStackView.swift */,
				CBDB85372DDBA2C10007F538 /* HStackView.swift */,
				CBDB85392DDBA3780007F538 /* ZStackView.swift */,
				CBDB853B2DDBA7A70007F538 /* ZStack_VStack_HStack_View.swift */,
			);
			path = Stacks;
			sourceTree = "<group>";
		};
		CBDB853D2DDBB1210007F538 /* PaddingAndSpacer */ = {
			isa = PBXGroup;
			children = (
				CBDB853E2DDBB2A10007F538 /* PaddingView.swift */,
				CBDB85402DDBB4580007F538 /* PaddingWithVStack.swift */,
				CB09DB602DDCF7CD00BE30F7 /* SpacerView.swift */,
				CB09DB622DDCFAE000BE30F7 /* SpacerWithImages.swift */,
			);
			path = PaddingAndSpacer;
			sourceTree = "<group>";
		};
		CBF7508E2DDF878A00DC88E1 /* ForEachLoop */ = {
			isa = PBXGroup;
			children = (
				CBF7508F2DDF87A000DC88E1 /* ForEachLoopView.swift */,
			);
			path = ForEachLoop;
			sourceTree = "<group>";
		};
		CBF750912DDF919800DC88E1 /* ScrollView */ = {
			isa = PBXGroup;
			children = (
				CB32ABA52DDF958F00B83C31 /* VerticalScrollView.swift */,
				CB32ABB32DDFA00D00B83C31 /* HorizontalScrollView.swift */,
				CB8061982DE0ECDC0005E524 /* VerticalAndHorizontalScrollView.swift */,
			);
			path = ScrollView;
			sourceTree = "<group>";
		};
/* End PBXGroup section */

/* Begin PBXNativeTarget section */
		CB0100902DD253DC005B1BA1 /* SwiftUILearning */ = {
			isa = PBXNativeTarget;
			buildConfigurationList = CB0100B22DD253DD005B1BA1 /* Build configuration list for PBXNativeTarget "SwiftUILearning" */;
			buildPhases = (
				CB01008D2DD253DC005B1BA1 /* Sources */,
				CB01008E2DD253DC005B1BA1 /* Frameworks */,
				CB01008F2DD253DC005B1BA1 /* Resources */,
			);
			buildRules = (
			);
			dependencies = (
			);
			name = SwiftUILearning;
			packageProductDependencies = (
			);
			productName = SwiftUILearning;
			productReference = CB0100912DD253DC005B1BA1 /* SwiftUILearning.app */;
			productType = "com.apple.product-type.application";
		};
		CB01009D2DD253DD005B1BA1 /* SwiftUILearningTests */ = {
			isa = PBXNativeTarget;
			buildConfigurationList = CB0100B52DD253DD005B1BA1 /* Build configuration list for PBXNativeTarget "SwiftUILearningTests" */;
			buildPhases = (
				CB01009A2DD253DD005B1BA1 /* Sources */,
				CB01009B2DD253DD005B1BA1 /* Frameworks */,
				CB01009C2DD253DD005B1BA1 /* Resources */,
			);
			buildRules = (
			);
			dependencies = (
				CB0100A02DD253DD005B1BA1 /* PBXTargetDependency */,
			);
			fileSystemSynchronizedGroups = (
				CB0100A12DD253DD005B1BA1 /* SwiftUILearningTests */,
			);
			name = SwiftUILearningTests;
			packageProductDependencies = (
			);
			productName = SwiftUILearningTests;
			productReference = CB01009E2DD253DD005B1BA1 /* SwiftUILearningTests.xctest */;
			productType = "com.apple.product-type.bundle.unit-test";
		};
		CB0100A72DD253DD005B1BA1 /* SwiftUILearningUITests */ = {
			isa = PBXNativeTarget;
			buildConfigurationList = CB0100B82DD253DD005B1BA1 /* Build configuration list for PBXNativeTarget "SwiftUILearningUITests" */;
			buildPhases = (
				CB0100A42DD253DD005B1BA1 /* Sources */,
				CB0100A52DD253DD005B1BA1 /* Frameworks */,
				CB0100A62DD253DD005B1BA1 /* Resources */,
			);
			buildRules = (
			);
			dependencies = (
				CB0100AA2DD253DD005B1BA1 /* PBXTargetDependency */,
			);
			fileSystemSynchronizedGroups = (
				CB0100AB2DD253DD005B1BA1 /* SwiftUILearningUITests */,
			);
			name = SwiftUILearningUITests;
			packageProductDependencies = (
			);
			productName = SwiftUILearningUITests;
			productReference = CB0100A82DD253DD005B1BA1 /* SwiftUILearningUITests.xctest */;
			productType = "com.apple.product-type.bundle.ui-testing";
		};
/* End PBXNativeTarget section */

/* Begin PBXProject section */
		CB0100892DD253DC005B1BA1 /* Project object */ = {
			isa = PBXProject;
			attributes = {
				BuildIndependentTargetsInParallel = 1;
				LastSwiftUpdateCheck = 1630;
				LastUpgradeCheck = 1630;
				TargetAttributes = {
					CB0100902DD253DC005B1BA1 = {
						CreatedOnToolsVersion = 16.3;
					};
					CB01009D2DD253DD005B1BA1 = {
						CreatedOnToolsVersion = 16.3;
						TestTargetID = CB0100902DD253DC005B1BA1;
					};
					CB0100A72DD253DD005B1BA1 = {
						CreatedOnToolsVersion = 16.3;
						TestTargetID = CB0100902DD253DC005B1BA1;
					};
				};
			};
			buildConfigurationList = CB01008C2DD253DC005B1BA1 /* Build configuration list for PBXProject "SwiftUILearning" */;
			developmentRegion = en;
			hasScannedForEncodings = 0;
			knownRegions = (
				en,
				Base,
			);
			mainGroup = CB0100882DD253DC005B1BA1;
			minimizedProjectReferenceProxies = 1;
			preferredProjectObjectVersion = 77;
			productRefGroup = CB0100922DD253DC005B1BA1 /* Products */;
			projectDirPath = "";
			projectRoot = "";
			targets = (
				CB0100902DD253DC005B1BA1 /* SwiftUILearning */,
				CB01009D2DD253DD005B1BA1 /* SwiftUILearningTests */,
				CB0100A72DD253DD005B1BA1 /* SwiftUILearningUITests */,
			);
		};
/* End PBXProject section */

/* Begin PBXResourcesBuildPhase section */
		CB01008F2DD253DC005B1BA1 /* Resources */ = {
			isa = PBXResourcesBuildPhase;
			buildActionMask = 2147483647;
			files = (
				CBB3F4EB2DD26850006A98F8 /* Assets.xcassets in Resources */,
			);
			runOnlyForDeploymentPostprocessing = 0;
		};
		CB01009C2DD253DD005B1BA1 /* Resources */ = {
			isa = PBXResourcesBuildPhase;
			buildActionMask = 2147483647;
			files = (
			);
			runOnlyForDeploymentPostprocessing = 0;
		};
		CB0100A62DD253DD005B1BA1 /* Resources */ = {
			isa = PBXResourcesBuildPhase;
			buildActionMask = 2147483647;
			files = (
			);
			runOnlyForDeploymentPostprocessing = 0;
		};
/* End PBXResourcesBuildPhase section */

/* Begin PBXSourcesBuildPhase section */
		CB01008D2DD253DC005B1BA1 /* Sources */ = {
			isa = PBXSourcesBuildPhase;
			buildActionMask = 2147483647;
			files = (
				CB3071E12DD3BE0A00ADDFC7 /* Linear_Radical_Angular_Gradients.swift in Sources */,
				CBF750902DDF87A000DC88E1 /* ForEachLoopView.swift in Sources */,
				CB1C76F12DD91C9A00DBDAB0 /* OverlayUseInNotificationBedgeView.swift in Sources */,
				CBB3F4EE2DD26878006A98F8 /* TextView.swift in Sources */,
				CB1C76EB2DD90FD700DBDAB0 /* BackgroundView.swift in Sources */,
				CB32ABB42DDFA00D00B83C31 /* HorizontalScrollView.swift in Sources */,
				CB32ABA62DDF958F00B83C31 /* VerticalScrollView.swift in Sources */,
				CB1C76D62DD87C6C00DBDAB0 /* SystemIcon_MultiColorIcon_SFSymbol.swift in Sources */,
				CB1FDB462DDE4D45007C4347 /* InitializerAndEnumView.swift in Sources */,
				CBDB85412DDBB4580007F538 /* PaddingWithVStack.swift in Sources */,
				CBDB853C2DDBA7A70007F538 /* ZStack_VStack_HStack_View.swift in Sources */,
				CB1C76EF2DD91C2200DBDAB0 /* OverlayInRectangleView.swift in Sources */,
				CB09DB612DDCF7CD00BE30F7 /* SpacerView.swift in Sources */,
				CBDB853A2DDBA3780007F538 /* ZStackView.swift in Sources */,
				CBDB853F2DDBB2A10007F538 /* PaddingView.swift in Sources */,
				CB09DB632DDCFAE000BE30F7 /* SpacerWithImages.swift in Sources */,
				CB1C76E82DD896DA00DBDAB0 /* FrameView.swift in Sources */,
				CBB3F4E92DD26850006A98F8 /* ContentView.swift in Sources */,
				CBB3F4F02DD27255006A98F8 /* ShapesView.swift in Sources */,
				CB3071DF2DD3B0F100ADDFC7 /* UIColors_ColorsLiterals_HexColors.swift in Sources */,
				CBDB85362DDBA1F10007F538 /* VStackView.swift in Sources */,
				CB1C76D92DD8801C00DBDAB0 /* AssetsImages.swift in Sources */,
				CBB3F4EA2DD26850006A98F8 /* SwiftUILearningApp.swift in Sources */,
				CBDB85382DDBA2C10007F538 /* HStackView.swift in Sources */,
				CB1C76ED2DD91BB100DBDAB0 /* OverlayInCircleView.swift in Sources */,
				CB8061992DE0ECDC0005E524 /* VerticalAndHorizontalScrollView.swift in Sources */,
			);
			runOnlyForDeploymentPostprocessing = 0;
		};
		CB01009A2DD253DD005B1BA1 /* Sources */ = {
			isa = PBXSourcesBuildPhase;
			buildActionMask = 2147483647;
			files = (
			);
			runOnlyForDeploymentPostprocessing = 0;
		};
		CB0100A42DD253DD005B1BA1 /* Sources */ = {
			isa = PBXSourcesBuildPhase;
			buildActionMask = 2147483647;
			files = (
			);
			runOnlyForDeploymentPostprocessing = 0;
		};
/* End PBXSourcesBuildPhase section */

/* Begin PBXTargetDependency section */
		CB0100A02DD253DD005B1BA1 /* PBXTargetDependency */ = {
			isa = PBXTargetDependency;
			target = CB0100902DD253DC005B1BA1 /* SwiftUILearning */;
			targetProxy = CB01009F2DD253DD005B1BA1 /* PBXContainerItemProxy */;
		};
		CB0100AA2DD253DD005B1BA1 /* PBXTargetDependency */ = {
			isa = PBXTargetDependency;
			target = CB0100902DD253DC005B1BA1 /* SwiftUILearning */;
			targetProxy = CB0100A92DD253DD005B1BA1 /* PBXContainerItemProxy */;
		};
/* End PBXTargetDependency section */

/* Begin XCBuildConfiguration section */
		CB0100B02DD253DD005B1BA1 /* Debug */ = {
			isa = XCBuildConfiguration;
			buildSettings = {
				ALWAYS_SEARCH_USER_PATHS = NO;
				ASSETCATALOG_COMPILER_GENERATE_SWIFT_ASSET_SYMBOL_EXTENSIONS = YES;
				CLANG_ANALYZER_NONNULL = YES;
				CLANG_ANALYZER_NUMBER_OBJECT_CONVERSION = YES_AGGRESSIVE;
				CLANG_CXX_LANGUAGE_STANDARD = "gnu++20";
				CLANG_ENABLE_MODULES = YES;
				CLANG_ENABLE_OBJC_ARC = YES;
				CLANG_ENABLE_OBJC_WEAK = YES;
				CLANG_WARN_BLOCK_CAPTURE_AUTORELEASING = YES;
				CLANG_WARN_BOOL_CONVERSION = YES;
				CLANG_WARN_COMMA = YES;
				CLANG_WARN_CONSTANT_CONVERSION = YES;
				CLANG_WARN_DEPRECATED_OBJC_IMPLEMENTATIONS = YES;
				CLANG_WARN_DIRECT_OBJC_ISA_USAGE = YES_ERROR;
				CLANG_WARN_DOCUMENTATION_COMMENTS = YES;
				CLANG_WARN_EMPTY_BODY = YES;
				CLANG_WARN_ENUM_CONVERSION = YES;
				CLANG_WARN_INFINITE_RECURSION = YES;
				CLANG_WARN_INT_CONVERSION = YES;
				CLANG_WARN_NON_LITERAL_NULL_CONVERSION = YES;
				CLANG_WARN_OBJC_IMPLICIT_RETAIN_SELF = YES;
				CLANG_WARN_OBJC_LITERAL_CONVERSION = YES;
				CLANG_WARN_OBJC_ROOT_CLASS = YES_ERROR;
				CLANG_WARN_QUOTED_INCLUDE_IN_FRAMEWORK_HEADER = YES;
				CLANG_WARN_RANGE_LOOP_ANALYSIS = YES;
				CLANG_WARN_STRICT_PROTOTYPES = YES;
				CLANG_WARN_SUSPICIOUS_MOVE = YES;
				CLANG_WARN_UNGUARDED_AVAILABILITY = YES_AGGRESSIVE;
				CLANG_WARN_UNREACHABLE_CODE = YES;
				CLANG_WARN__DUPLICATE_METHOD_MATCH = YES;
				COPY_PHASE_STRIP = NO;
				DEBUG_INFORMATION_FORMAT = dwarf;
				DEVELOPMENT_TEAM = 32G264524B;
				ENABLE_STRICT_OBJC_MSGSEND = YES;
				ENABLE_TESTABILITY = YES;
				ENABLE_USER_SCRIPT_SANDBOXING = YES;
				GCC_C_LANGUAGE_STANDARD = gnu17;
				GCC_DYNAMIC_NO_PIC = NO;
				GCC_NO_COMMON_BLOCKS = YES;
				GCC_OPTIMIZATION_LEVEL = 0;
				GCC_PREPROCESSOR_DEFINITIONS = (
					"DEBUG=1",
					"$(inherited)",
				);
				GCC_WARN_64_TO_32_BIT_CONVERSION = YES;
				GCC_WARN_ABOUT_RETURN_TYPE = YES_ERROR;
				GCC_WARN_UNDECLARED_SELECTOR = YES;
				GCC_WARN_UNINITIALIZED_AUTOS = YES_AGGRESSIVE;
				GCC_WARN_UNUSED_FUNCTION = YES;
				GCC_WARN_UNUSED_VARIABLE = YES;
				IPHONEOS_DEPLOYMENT_TARGET = 18.4;
				LOCALIZATION_PREFERS_STRING_CATALOGS = YES;
				MTL_ENABLE_DEBUG_INFO = INCLUDE_SOURCE;
				MTL_FAST_MATH = YES;
				ONLY_ACTIVE_ARCH = YES;
				SDKROOT = iphoneos;
				SWIFT_ACTIVE_COMPILATION_CONDITIONS = "DEBUG $(inherited)";
				SWIFT_OPTIMIZATION_LEVEL = "-Onone";
			};
			name = Debug;
		};
		CB0100B12DD253DD005B1BA1 /* Release */ = {
			isa = XCBuildConfiguration;
			buildSettings = {
				ALWAYS_SEARCH_USER_PATHS = NO;
				ASSETCATALOG_COMPILER_GENERATE_SWIFT_ASSET_SYMBOL_EXTENSIONS = YES;
				CLANG_ANALYZER_NONNULL = YES;
				CLANG_ANALYZER_NUMBER_OBJECT_CONVERSION = YES_AGGRESSIVE;
				CLANG_CXX_LANGUAGE_STANDARD = "gnu++20";
				CLANG_ENABLE_MODULES = YES;
				CLANG_ENABLE_OBJC_ARC = YES;
				CLANG_ENABLE_OBJC_WEAK = YES;
				CLANG_WARN_BLOCK_CAPTURE_AUTORELEASING = YES;
				CLANG_WARN_BOOL_CONVERSION = YES;
				CLANG_WARN_COMMA = YES;
				CLANG_WARN_CONSTANT_CONVERSION = YES;
				CLANG_WARN_DEPRECATED_OBJC_IMPLEMENTATIONS = YES;
				CLANG_WARN_DIRECT_OBJC_ISA_USAGE = YES_ERROR;
				CLANG_WARN_DOCUMENTATION_COMMENTS = YES;
				CLANG_WARN_EMPTY_BODY = YES;
				CLANG_WARN_ENUM_CONVERSION = YES;
				CLANG_WARN_INFINITE_RECURSION = YES;
				CLANG_WARN_INT_CONVERSION = YES;
				CLANG_WARN_NON_LITERAL_NULL_CONVERSION = YES;
				CLANG_WARN_OBJC_IMPLICIT_RETAIN_SELF = YES;
				CLANG_WARN_OBJC_LITERAL_CONVERSION = YES;
				CLANG_WARN_OBJC_ROOT_CLASS = YES_ERROR;
				CLANG_WARN_QUOTED_INCLUDE_IN_FRAMEWORK_HEADER = YES;
				CLANG_WARN_RANGE_LOOP_ANALYSIS = YES;
				CLANG_WARN_STRICT_PROTOTYPES = YES;
				CLANG_WARN_SUSPICIOUS_MOVE = YES;
				CLANG_WARN_UNGUARDED_AVAILABILITY = YES_AGGRESSIVE;
				CLANG_WARN_UNREACHABLE_CODE = YES;
				CLANG_WARN__DUPLICATE_METHOD_MATCH = YES;
				COPY_PHASE_STRIP = NO;
				DEBUG_INFORMATION_FORMAT = "dwarf-with-dsym";
				DEVELOPMENT_TEAM = 32G264524B;
				ENABLE_NS_ASSERTIONS = NO;
				ENABLE_STRICT_OBJC_MSGSEND = YES;
				ENABLE_USER_SCRIPT_SANDBOXING = YES;
				GCC_C_LANGUAGE_STANDARD = gnu17;
				GCC_NO_COMMON_BLOCKS = YES;
				GCC_WARN_64_TO_32_BIT_CONVERSION = YES;
				GCC_WARN_ABOUT_RETURN_TYPE = YES_ERROR;
				GCC_WARN_UNDECLARED_SELECTOR = YES;
				GCC_WARN_UNINITIALIZED_AUTOS = YES_AGGRESSIVE;
				GCC_WARN_UNUSED_FUNCTION = YES;
				GCC_WARN_UNUSED_VARIABLE = YES;
				IPHONEOS_DEPLOYMENT_TARGET = 18.4;
				LOCALIZATION_PREFERS_STRING_CATALOGS = YES;
				MTL_ENABLE_DEBUG_INFO = NO;
				MTL_FAST_MATH = YES;
				SDKROOT = iphoneos;
				SWIFT_COMPILATION_MODE = wholemodule;
				VALIDATE_PRODUCT = YES;
			};
			name = Release;
		};
		CB0100B32DD253DD005B1BA1 /* Debug */ = {
			isa = XCBuildConfiguration;
			buildSettings = {
				ASSETCATALOG_COMPILER_APPICON_NAME = AppIcon;
				ASSETCATALOG_COMPILER_GLOBAL_ACCENT_COLOR_NAME = AccentColor;
				CODE_SIGN_STYLE = Automatic;
				CURRENT_PROJECT_VERSION = 1;
				DEVELOPMENT_TEAM = 32G264524B;
				ENABLE_PREVIEWS = YES;
				GENERATE_INFOPLIST_FILE = YES;
				INFOPLIST_KEY_LSApplicationCategoryType = "public.app-category.education";
				INFOPLIST_KEY_UIApplicationSceneManifest_Generation = YES;
				INFOPLIST_KEY_UIApplicationSupportsIndirectInputEvents = YES;
				INFOPLIST_KEY_UILaunchScreen_Generation = YES;
				INFOPLIST_KEY_UISupportedInterfaceOrientations_iPad = "UIInterfaceOrientationPortrait UIInterfaceOrientationPortraitUpsideDown UIInterfaceOrientationLandscapeLeft UIInterfaceOrientationLandscapeRight";
				INFOPLIST_KEY_UISupportedInterfaceOrientations_iPhone = "UIInterfaceOrientationPortrait UIInterfaceOrientationLandscapeLeft UIInterfaceOrientationLandscapeRight";
				LD_RUNPATH_SEARCH_PATHS = (
					"$(inherited)",
					"@executable_path/Frameworks",
				);
				MARKETING_VERSION = 1.0;
				PRODUCT_BUNDLE_IDENTIFIER = Shariq.SwiftUILearning;
				PRODUCT_NAME = "$(TARGET_NAME)";
				SWIFT_EMIT_LOC_STRINGS = YES;
				SWIFT_VERSION = 5.0;
				TARGETED_DEVICE_FAMILY = "1,2";
			};
			name = Debug;
		};
		CB0100B42DD253DD005B1BA1 /* Release */ = {
			isa = XCBuildConfiguration;
			buildSettings = {
				ASSETCATALOG_COMPILER_APPICON_NAME = AppIcon;
				ASSETCATALOG_COMPILER_GLOBAL_ACCENT_COLOR_NAME = AccentColor;
				CODE_SIGN_STYLE = Automatic;
				CURRENT_PROJECT_VERSION = 1;
				DEVELOPMENT_TEAM = 32G264524B;
				ENABLE_PREVIEWS = YES;
				GENERATE_INFOPLIST_FILE = YES;
				INFOPLIST_KEY_LSApplicationCategoryType = "public.app-category.education";
				INFOPLIST_KEY_UIApplicationSceneManifest_Generation = YES;
				INFOPLIST_KEY_UIApplicationSupportsIndirectInputEvents = YES;
				INFOPLIST_KEY_UILaunchScreen_Generation = YES;
				INFOPLIST_KEY_UISupportedInterfaceOrientations_iPad = "UIInterfaceOrientationPortrait UIInterfaceOrientationPortraitUpsideDown UIInterfaceOrientationLandscapeLeft UIInterfaceOrientationLandscapeRight";
				INFOPLIST_KEY_UISupportedInterfaceOrientations_iPhone = "UIInterfaceOrientationPortrait UIInterfaceOrientationLandscapeLeft UIInterfaceOrientationLandscapeRight";
				LD_RUNPATH_SEARCH_PATHS = (
					"$(inherited)",
					"@executable_path/Frameworks",
				);
				MARKETING_VERSION = 1.0;
				PRODUCT_BUNDLE_IDENTIFIER = Shariq.SwiftUILearning;
				PRODUCT_NAME = "$(TARGET_NAME)";
				SWIFT_EMIT_LOC_STRINGS = YES;
				SWIFT_VERSION = 5.0;
				TARGETED_DEVICE_FAMILY = "1,2";
			};
			name = Release;
		};
		CB0100B62DD253DD005B1BA1 /* Debug */ = {
			isa = XCBuildConfiguration;
			buildSettings = {
				BUNDLE_LOADER = "$(TEST_HOST)";
				CODE_SIGN_STYLE = Automatic;
				CURRENT_PROJECT_VERSION = 1;
				DEVELOPMENT_TEAM = 32G264524B;
				GENERATE_INFOPLIST_FILE = YES;
				IPHONEOS_DEPLOYMENT_TARGET = 18.4;
				MARKETING_VERSION = 1.0;
				PRODUCT_BUNDLE_IDENTIFIER = Shariq.SwiftUILearningTests;
				PRODUCT_NAME = "$(TARGET_NAME)";
				SWIFT_EMIT_LOC_STRINGS = NO;
				SWIFT_VERSION = 5.0;
				TARGETED_DEVICE_FAMILY = "1,2";
				TEST_HOST = "$(BUILT_PRODUCTS_DIR)/SwiftUILearning.app/$(BUNDLE_EXECUTABLE_FOLDER_PATH)/SwiftUILearning";
			};
			name = Debug;
		};
		CB0100B72DD253DD005B1BA1 /* Release */ = {
			isa = XCBuildConfiguration;
			buildSettings = {
				BUNDLE_LOADER = "$(TEST_HOST)";
				CODE_SIGN_STYLE = Automatic;
				CURRENT_PROJECT_VERSION = 1;
				DEVELOPMENT_TEAM = 32G264524B;
				GENERATE_INFOPLIST_FILE = YES;
				IPHONEOS_DEPLOYMENT_TARGET = 18.4;
				MARKETING_VERSION = 1.0;
				PRODUCT_BUNDLE_IDENTIFIER = Shariq.SwiftUILearningTests;
				PRODUCT_NAME = "$(TARGET_NAME)";
				SWIFT_EMIT_LOC_STRINGS = NO;
				SWIFT_VERSION = 5.0;
				TARGETED_DEVICE_FAMILY = "1,2";
				TEST_HOST = "$(BUILT_PRODUCTS_DIR)/SwiftUILearning.app/$(BUNDLE_EXECUTABLE_FOLDER_PATH)/SwiftUILearning";
			};
			name = Release;
		};
		CB0100B92DD253DD005B1BA1 /* Debug */ = {
			isa = XCBuildConfiguration;
			buildSettings = {
				CODE_SIGN_STYLE = Automatic;
				CURRENT_PROJECT_VERSION = 1;
				DEVELOPMENT_TEAM = 32G264524B;
				GENERATE_INFOPLIST_FILE = YES;
				MARKETING_VERSION = 1.0;
				PRODUCT_BUNDLE_IDENTIFIER = Shariq.SwiftUILearningUITests;
				PRODUCT_NAME = "$(TARGET_NAME)";
				SWIFT_EMIT_LOC_STRINGS = NO;
				SWIFT_VERSION = 5.0;
				TARGETED_DEVICE_FAMILY = "1,2";
				TEST_TARGET_NAME = SwiftUILearning;
			};
			name = Debug;
		};
		CB0100BA2DD253DD005B1BA1 /* Release */ = {
			isa = XCBuildConfiguration;
			buildSettings = {
				CODE_SIGN_STYLE = Automatic;
				CURRENT_PROJECT_VERSION = 1;
				DEVELOPMENT_TEAM = 32G264524B;
				GENERATE_INFOPLIST_FILE = YES;
				MARKETING_VERSION = 1.0;
				PRODUCT_BUNDLE_IDENTIFIER = Shariq.SwiftUILearningUITests;
				PRODUCT_NAME = "$(TARGET_NAME)";
				SWIFT_EMIT_LOC_STRINGS = NO;
				SWIFT_VERSION = 5.0;
				TARGETED_DEVICE_FAMILY = "1,2";
				TEST_TARGET_NAME = SwiftUILearning;
			};
			name = Release;
		};
/* End XCBuildConfiguration section */

/* Begin XCConfigurationList section */
		CB01008C2DD253DC005B1BA1 /* Build configuration list for PBXProject "SwiftUILearning" */ = {
			isa = XCConfigurationList;
			buildConfigurations = (
				CB0100B02DD253DD005B1BA1 /* Debug */,
				CB0100B12DD253DD005B1BA1 /* Release */,
			);
			defaultConfigurationIsVisible = 0;
			defaultConfigurationName = Release;
		};
		CB0100B22DD253DD005B1BA1 /* Build configuration list for PBXNativeTarget "SwiftUILearning" */ = {
			isa = XCConfigurationList;
			buildConfigurations = (
				CB0100B32DD253DD005B1BA1 /* Debug */,
				CB0100B42DD253DD005B1BA1 /* Release */,
			);
			defaultConfigurationIsVisible = 0;
			defaultConfigurationName = Release;
		};
		CB0100B52DD253DD005B1BA1 /* Build configuration list for PBXNativeTarget "SwiftUILearningTests" */ = {
			isa = XCConfigurationList;
			buildConfigurations = (
				CB0100B62DD253DD005B1BA1 /* Debug */,
				CB0100B72DD253DD005B1BA1 /* Release */,
			);
			defaultConfigurationIsVisible = 0;
			defaultConfigurationName = Release;
		};
		CB0100B82DD253DD005B1BA1 /* Build configuration list for PBXNativeTarget "SwiftUILearningUITests" */ = {
			isa = XCConfigurationList;
			buildConfigurations = (
				CB0100B92DD253DD005B1BA1 /* Debug */,
				CB0100BA2DD253DD005B1BA1 /* Release */,
			);
			defaultConfigurationIsVisible = 0;
			defaultConfigurationName = Release;
		};
/* End XCConfigurationList section */
	};
	rootObject = CB0100892DD253DC005B1BA1 /* Project object */;
}
