// !$*UTF8*$!
{
	archiveVersion = 1;
	classes = {
	};
	objectVersion = 77;
	objects = {

/* Begin PBXBuildFile section */
		CB09DB612DDCF7CD00BE30F7 /* SpacerView.swift in Sources */ = {isa = PBXBuildFile; fileRef = CB09DB602DDCF7CD00BE30F7 /* SpacerView.swift */; };
		CB09DB632DDCFAE000BE30F7 /* SpacerWithImages.swift in Sources */ = {isa = PBXBuildFile; fileRef = CB09DB622DDCFAE000BE30F7 /* SpacerWithImages.swift */; };
		CB0F40CF2E01D5DC00173F9B /* ToggleButton.swift in Sources */ = {isa = PBXBuildFile; fileRef = CB0F40CE2E01D5DC00173F9B /* ToggleButton.swift */; };
		CB0F40D22E01D98F00173F9B /* PickerView.swift in Sources */ = {isa = PBXBuildFile; fileRef = CB0F40D12E01D98F00173F9B /* PickerView.swift */; };
		CB0F40D42E01DDD300173F9B /* PickerMenuExample.swift in Sources */ = {isa = PBXBuildFile; fileRef = CB0F40D32E01DDD300173F9B /* PickerMenuExample.swift */; };
		CB0F40D62E01E26C00173F9B /* PickerSegmentExample.swift in Sources */ = {isa = PBXBuildFile; fileRef = CB0F40D52E01E26C00173F9B /* PickerSegmentExample.swift */; };
		CB0F40D82E01E73500173F9B /* ColorPickerView.swift in Sources */ = {isa = PBXBuildFile; fileRef = CB0F40D72E01E73500173F9B /* ColorPickerView.swift */; };
		CB1C76D62DD87C6C00DBDAB0 /* SystemIcon_MultiColorIcon_SFSymbol.swift in Sources */ = {isa = PBXBuildFile; fileRef = CB1C76D52DD87C6C00DBDAB0 /* SystemIcon_MultiColorIcon_SFSymbol.swift */; };
		CB1C76D92DD8801C00DBDAB0 /* AssetsImages.swift in Sources */ = {isa = PBXBuildFile; fileRef = CB1C76D82DD8801C00DBDAB0 /* AssetsImages.swift */; };
		CB1C76E82DD896DA00DBDAB0 /* FrameView.swift in Sources */ = {isa = PBXBuildFile; fileRef = CB1C76E72DD896DA00DBDAB0 /* FrameView.swift */; };
		CB1C76EB2DD90FD700DBDAB0 /* BackgroundView.swift in Sources */ = {isa = PBXBuildFile; fileRef = CB1C76EA2DD90FD700DBDAB0 /* BackgroundView.swift */; };
		CB1C76ED2DD91BB100DBDAB0 /* OverlayInCircleView.swift in Sources */ = {isa = PBXBuildFile; fileRef = CB1C76EC2DD91BB100DBDAB0 /* OverlayInCircleView.swift */; };
		CB1C76EF2DD91C2200DBDAB0 /* OverlayInRectangleView.swift in Sources */ = {isa = PBXBuildFile; fileRef = CB1C76EE2DD91C2200DBDAB0 /* OverlayInRectangleView.swift */; };
		CB1C76F12DD91C9A00DBDAB0 /* OverlayUseInNotificationBedgeView.swift in Sources */ = {isa = PBXBuildFile; fileRef = CB1C76F02DD91C9A00DBDAB0 /* OverlayUseInNotificationBedgeView.swift */; };
		CB1E535C2DEB74AE00257949 /* NavigationViewAndNavigationLink.swift in Sources */ = {isa = PBXBuildFile; fileRef = CB1E535B2DEB74AE00257949 /* NavigationViewAndNavigationLink.swift */; };
		CB1FDB462DDE4D45007C4347 /* InitializerAndEnumView.swift in Sources */ = {isa = PBXBuildFile; fileRef = CB1FDB452DDE4D45007C4347 /* InitializerAndEnumView.swift */; };
		CB2E553C2DE4DD6600687E19 /* ExtractSubView.swift in Sources */ = {isa = PBXBuildFile; fileRef = CB2E553B2DE4DD6500687E19 /* ExtractSubView.swift */; };
		CB2E553F2DE4E63700687E19 /* BindingProperties.swift in Sources */ = {isa = PBXBuildFile; fileRef = CB2E553E2DE4E63700687E19 /* BindingProperties.swift */; };
		CB2F31BE2DE628CD00A96DC6 /* ConditionalStatement.swift in Sources */ = {isa = PBXBuildFile; fileRef = CB2F31BD2DE628CD00A96DC6 /* ConditionalStatement.swift */; };
		CB2F31C02DE62DB700A96DC6 /* LoadingView.swift in Sources */ = {isa = PBXBuildFile; fileRef = CB2F31BF2DE62DB700A96DC6 /* LoadingView.swift */; };
		CB2F31C32DE6311700A96DC6 /* TernaryOperator.swift in Sources */ = {isa = PBXBuildFile; fileRef = CB2F31C22DE6311700A96DC6 /* TernaryOperator.swift */; };
		CB2F31C62DE6360000A96DC6 /* AnimationView.swift in Sources */ = {isa = PBXBuildFile; fileRef = CB2F31C52DE6360000A96DC6 /* AnimationView.swift */; };
		CB3071DF2DD3B0F100ADDFC7 /* UIColors_ColorsLiterals_HexColors.swift in Sources */ = {isa = PBXBuildFile; fileRef = CB3071DE2DD3B0F100ADDFC7 /* UIColors_ColorsLiterals_HexColors.swift */; };
		CB3071E12DD3BE0A00ADDFC7 /* Linear_Radical_Angular_Gradients.swift in Sources */ = {isa = PBXBuildFile; fileRef = CB3071E02DD3BE0A00ADDFC7 /* Linear_Radical_Angular_Gradients.swift */; };
		CB32ABA62DDF958F00B83C31 /* VerticalScrollView.swift in Sources */ = {isa = PBXBuildFile; fileRef = CB32ABA52DDF958F00B83C31 /* VerticalScrollView.swift */; };
		CB32ABB42DDFA00D00B83C31 /* HorizontalScrollView.swift in Sources */ = {isa = PBXBuildFile; fileRef = CB32ABB32DDFA00D00B83C31 /* HorizontalScrollView.swift */; };
		CB6372C32DFB46A900356C44 /* TextFieldView.swift in Sources */ = {isa = PBXBuildFile; fileRef = CB6372C22DFB46A900356C44 /* TextFieldView.swift */; };
		CB6372C52DFB4F8300356C44 /* TextEditerView.swift in Sources */ = {isa = PBXBuildFile; fileRef = CB6372C42DFB4F8300356C44 /* TextEditerView.swift */; };
		CB6D2E5B2DE8CE55008B6F3D /* SheetsView.swift in Sources */ = {isa = PBXBuildFile; fileRef = CB6D2E5A2DE8CE55008B6F3D /* SheetsView.swift */; };
		CB6D2E5E2DE8DC62008B6F3D /* PopoverView.swift in Sources */ = {isa = PBXBuildFile; fileRef = CB6D2E5D2DE8DC62008B6F3D /* PopoverView.swift */; };
		CB700A2F2E048C6C00E53774 /* BottomTabView.swift in Sources */ = {isa = PBXBuildFile; fileRef = CB700A2E2E048C6C00E53774 /* BottomTabView.swift */; };
		CB700A312E04928000E53774 /* PageTabBarView.swift in Sources */ = {isa = PBXBuildFile; fileRef = CB700A302E04928000E53774 /* PageTabBarView.swift */; };
		CB7EAA532DEE11AF003FE096 /* ListView.swift in Sources */ = {isa = PBXBuildFile; fileRef = CB7EAA522DEE11AF003FE096 /* ListView.swift */; };
		CB8061992DE0ECDC0005E524 /* VerticalAndHorizontalScrollView.swift in Sources */ = {isa = PBXBuildFile; fileRef = CB8061982DE0ECDC0005E524 /* VerticalAndHorizontalScrollView.swift */; };
		CB8061AA2DE0F6FC0005E524 /* LazyVGridView.swift in Sources */ = {isa = PBXBuildFile; fileRef = CB8061A92DE0F6FC0005E524 /* LazyVGridView.swift */; };
		CB8061AC2DE0FB210005E524 /* LazyVGridViewExample.swift in Sources */ = {isa = PBXBuildFile; fileRef = CB8061AB2DE0FB210005E524 /* LazyVGridViewExample.swift */; };
		CB8061AE2DE101870005E524 /* LazyHGridViewExample.swift in Sources */ = {isa = PBXBuildFile; fileRef = CB8061AD2DE101870005E524 /* LazyHGridViewExample.swift */; };
		CB8228932E032BA8008F78F3 /* DatePickerView.swift in Sources */ = {isa = PBXBuildFile; fileRef = CB8228922E032BA8008F78F3 /* DatePickerView.swift */; };
		CB8228962E033298008F78F3 /* StepperButtonView.swift in Sources */ = {isa = PBXBuildFile; fileRef = CB8228952E033298008F78F3 /* StepperButtonView.swift */; };
		CB8228992E0337DE008F78F3 /* SliderView.swift in Sources */ = {isa = PBXBuildFile; fileRef = CB8228982E0337DE008F78F3 /* SliderView.swift */; };
		CB87D8982DE39104002C94D1 /* ExtractedFunctionAndViews.swift in Sources */ = {isa = PBXBuildFile; fileRef = CB87D8972DE39104002C94D1 /* ExtractedFunctionAndViews.swift */; };
		CBB3F4E92DD26850006A98F8 /* ContentView.swift in Sources */ = {isa = PBXBuildFile; fileRef = CBB3F4E62DD26850006A98F8 /* ContentView.swift */; };
		CBB3F4EA2DD26850006A98F8 /* SwiftUILearningApp.swift in Sources */ = {isa = PBXBuildFile; fileRef = CBB3F4E72DD26850006A98F8 /* SwiftUILearningApp.swift */; };
		CBB3F4EB2DD26850006A98F8 /* Assets.xcassets in Resources */ = {isa = PBXBuildFile; fileRef = CBB3F4E52DD26850006A98F8 /* Assets.xcassets */; };
		CBB3F4EE2DD26878006A98F8 /* TextView.swift in Sources */ = {isa = PBXBuildFile; fileRef = CBB3F4ED2DD26878006A98F8 /* TextView.swift */; };
		CBB3F4F02DD27255006A98F8 /* ShapesView.swift in Sources */ = {isa = PBXBuildFile; fileRef = CBB3F4EF2DD27255006A98F8 /* ShapesView.swift */; };
		CBBE3E022DEF686E003FB0BD /* AlertView.swift in Sources */ = {isa = PBXBuildFile; fileRef = CBBE3E012DEF686E003FB0BD /* AlertView.swift */; };
		CBBE3E042DEF6DD5003FB0BD /* CustomAlertView.swift in Sources */ = {isa = PBXBuildFile; fileRef = CBBE3E032DEF6DD5003FB0BD /* CustomAlertView.swift */; };
		CBBFC4912DF0B62E00961BC9 /* ActionSheetView.swift in Sources */ = {isa = PBXBuildFile; fileRef = CBBFC4902DF0B62E00961BC9 /* ActionSheetView.swift */; };
		CBC79CEE2DE77F9D00203C80 /* AnimationViewWithTiming.swift in Sources */ = {isa = PBXBuildFile; fileRef = CBC79CED2DE77F9D00203C80 /* AnimationViewWithTiming.swift */; };
		CBC79CF02DE787F700203C80 /* TransitionView.swift in Sources */ = {isa = PBXBuildFile; fileRef = CBC79CEF2DE787F700203C80 /* TransitionView.swift */; };
		CBDB85362DDBA1F10007F538 /* VStackView.swift in Sources */ = {isa = PBXBuildFile; fileRef = CBDB85352DDBA1F10007F538 /* VStackView.swift */; };
		CBDB85382DDBA2C10007F538 /* HStackView.swift in Sources */ = {isa = PBXBuildFile; fileRef = CBDB85372DDBA2C10007F538 /* HStackView.swift */; };
		CBDB853A2DDBA3780007F538 /* ZStackView.swift in Sources */ = {isa = PBXBuildFile; fileRef = CBDB85392DDBA3780007F538 /* ZStackView.swift */; };
		CBDB853C2DDBA7A70007F538 /* ZStack_VStack_HStack_View.swift in Sources */ = {isa = PBXBuildFile; fileRef = CBDB853B2DDBA7A70007F538 /* ZStack_VStack_HStack_View.swift */; };
		CBDB853F2DDBB2A10007F538 /* PaddingView.swift in Sources */ = {isa = PBXBuildFile; fileRef = CBDB853E2DDBB2A10007F538 /* PaddingView.swift */; };
		CBDB85412DDBB4580007F538 /* PaddingWithVStack.swift in Sources */ = {isa = PBXBuildFile; fileRef = CBDB85402DDBB4580007F538 /* PaddingWithVStack.swift */; };
		CBEABB622DF0BBD400636F83 /* DynamicActionSheetView.swift in Sources */ = {isa = PBXBuildFile; fileRef = CBEABB612DF0BBD400636F83 /* DynamicActionSheetView.swift */; };
		CBEABB652DF0C5AD00636F83 /* ContextMenuView.swift in Sources */ = {isa = PBXBuildFile; fileRef = CBEABB642DF0C5AD00636F83 /* ContextMenuView.swift */; };
		CBEED5472DE234A300BF1F05 /* SafeAreaView.swift in Sources */ = {isa = PBXBuildFile; fileRef = CBEED5462DE234A300BF1F05 /* SafeAreaView.swift */; };
		CBEED5492DE2386000BF1F05 /* SafeAreaWithScrollView.swift in Sources */ = {isa = PBXBuildFile; fileRef = CBEED5482DE2386000BF1F05 /* SafeAreaWithScrollView.swift */; };
		CBEED54C2DE23F1F00BF1F05 /* ButtonView.swift in Sources */ = {isa = PBXBuildFile; fileRef = CBEED54B2DE23F1F00BF1F05 /* ButtonView.swift */; };
		CBEED54F2DE24B0D00BF1F05 /* StateVariableView.swift in Sources */ = {isa = PBXBuildFile; fileRef = CBEED54E2DE24B0D00BF1F05 /* StateVariableView.swift */; };
		CBEEF44C2E09C23500A33754 /* OnAppearsView.swift in Sources */ = {isa = PBXBuildFile; fileRef = CBEEF44B2E09C23500A33754 /* OnAppearsView.swift */; };
		CBEEF4502E09C98500A33754 /* IfLetGuardLetStatement.swift in Sources */ = {isa = PBXBuildFile; fileRef = CBEEF44F2E09C98500A33754 /* IfLetGuardLetStatement.swift */; };
		CBF750902DDF87A000DC88E1 /* ForEachLoopView.swift in Sources */ = {isa = PBXBuildFile; fileRef = CBF7508F2DDF87A000DC88E1 /* ForEachLoopView.swift */; };
/* End PBXBuildFile section */

/* Begin PBXContainerItemProxy section */
		CB01009F2DD253DD005B1BA1 /* PBXContainerItemProxy */ = {
			isa = PBXContainerItemProxy;
			containerPortal = CB0100892DD253DC005B1BA1 /* Project object */;
			proxyType = 1;
			remoteGlobalIDString = CB0100902DD253DC005B1BA1;
			remoteInfo = SwiftUILearning;
		};
		CB0100A92DD253DD005B1BA1 /* PBXContainerItemProxy */ = {
			isa = PBXContainerItemProxy;
			containerPortal = CB0100892DD253DC005B1BA1 /* Project object */;
			proxyType = 1;
			remoteGlobalIDString = CB0100902DD253DC005B1BA1;
			remoteInfo = SwiftUILearning;
		};
/* End PBXContainerItemProxy section */

/* Begin PBXFileReference section */
		CB0100912DD253DC005B1BA1 /* SwiftUILearning.app */ = {isa = PBXFileReference; explicitFileType = wrapper.application; includeInIndex = 0; path = SwiftUILearning.app; sourceTree = BUILT_PRODUCTS_DIR; };
		CB01009E2DD253DD005B1BA1 /* SwiftUILearningTests.xctest */ = {isa = PBXFileReference; explicitFileType = wrapper.cfbundle; includeInIndex = 0; path = SwiftUILearningTests.xctest; sourceTree = BUILT_PRODUCTS_DIR; };
		CB0100A82DD253DD005B1BA1 /* SwiftUILearningUITests.xctest */ = {isa = PBXFileReference; explicitFileType = wrapper.cfbundle; includeInIndex = 0; path = SwiftUILearningUITests.xctest; sourceTree = BUILT_PRODUCTS_DIR; };
		CB09DB602DDCF7CD00BE30F7 /* SpacerView.swift */ = {isa = PBXFileReference; lastKnownFileType = sourcecode.swift; path = SpacerView.swift; sourceTree = "<group>"; };
		CB09DB622DDCFAE000BE30F7 /* SpacerWithImages.swift */ = {isa = PBXFileReference; lastKnownFileType = sourcecode.swift; path = SpacerWithImages.swift; sourceTree = "<group>"; };
		CB0F40CE2E01D5DC00173F9B /* ToggleButton.swift */ = {isa = PBXFileReference; lastKnownFileType = sourcecode.swift; path = ToggleButton.swift; sourceTree = "<group>"; };
		CB0F40D12E01D98F00173F9B /* PickerView.swift */ = {isa = PBXFileReference; lastKnownFileType = sourcecode.swift; path = PickerView.swift; sourceTree = "<group>"; };
		CB0F40D32E01DDD300173F9B /* PickerMenuExample.swift */ = {isa = PBXFileReference; lastKnownFileType = sourcecode.swift; path = PickerMenuExample.swift; sourceTree = "<group>"; };
		CB0F40D52E01E26C00173F9B /* PickerSegmentExample.swift */ = {isa = PBXFileReference; lastKnownFileType = sourcecode.swift; path = PickerSegmentExample.swift; sourceTree = "<group>"; };
		CB0F40D72E01E73500173F9B /* ColorPickerView.swift */ = {isa = PBXFileReference; lastKnownFileType = sourcecode.swift; path = ColorPickerView.swift; sourceTree = "<group>"; };
		CB1C76D52DD87C6C00DBDAB0 /* SystemIcon_MultiColorIcon_SFSymbol.swift */ = {isa = PBXFileReference; lastKnownFileType = sourcecode.swift; path = SystemIcon_MultiColorIcon_SFSymbol.swift; sourceTree = "<group>"; };
		CB1C76D82DD8801C00DBDAB0 /* AssetsImages.swift */ = {isa = PBXFileReference; lastKnownFileType = sourcecode.swift; path = AssetsImages.swift; sourceTree = "<group>"; };
		CB1C76E72DD896DA00DBDAB0 /* FrameView.swift */ = {isa = PBXFileReference; lastKnownFileType = sourcecode.swift; path = FrameView.swift; sourceTree = "<group>"; };
		CB1C76EA2DD90FD700DBDAB0 /* BackgroundView.swift */ = {isa = PBXFileReference; lastKnownFileType = sourcecode.swift; path = BackgroundView.swift; sourceTree = "<group>"; };
		CB1C76EC2DD91BB100DBDAB0 /* OverlayInCircleView.swift */ = {isa = PBXFileReference; lastKnownFileType = sourcecode.swift; path = OverlayInCircleView.swift; sourceTree = "<group>"; };
		CB1C76EE2DD91C2200DBDAB0 /* OverlayInRectangleView.swift */ = {isa = PBXFileReference; lastKnownFileType = sourcecode.swift; path = OverlayInRectangleView.swift; sourceTree = "<group>"; };
		CB1C76F02DD91C9A00DBDAB0 /* OverlayUseInNotificationBedgeView.swift */ = {isa = PBXFileReference; lastKnownFileType = sourcecode.swift; path = OverlayUseInNotificationBedgeView.swift; sourceTree = "<group>"; };
		CB1E535B2DEB74AE00257949 /* NavigationViewAndNavigationLink.swift */ = {isa = PBXFileReference; lastKnownFileType = sourcecode.swift; path = NavigationViewAndNavigationLink.swift; sourceTree = "<group>"; };
		CB1FDB452DDE4D45007C4347 /* InitializerAndEnumView.swift */ = {isa = PBXFileReference; lastKnownFileType = sourcecode.swift; path = InitializerAndEnumView.swift; sourceTree = "<group>"; };
		CB2E553B2DE4DD6500687E19 /* ExtractSubView.swift */ = {isa = PBXFileReference; lastKnownFileType = sourcecode.swift; path = ExtractSubView.swift; sourceTree = "<group>"; };
		CB2E553E2DE4E63700687E19 /* BindingProperties.swift */ = {isa = PBXFileReference; lastKnownFileType = sourcecode.swift; path = BindingProperties.swift; sourceTree = "<group>"; };
		CB2F31BD2DE628CD00A96DC6 /* ConditionalStatement.swift */ = {isa = PBXFileReference; lastKnownFileType = sourcecode.swift; path = ConditionalStatement.swift; sourceTree = "<group>"; };
		CB2F31BF2DE62DB700A96DC6 /* LoadingView.swift */ = {isa = PBXFileReference; lastKnownFileType = sourcecode.swift; path = LoadingView.swift; sourceTree = "<group>"; };
		CB2F31C22DE6311700A96DC6 /* TernaryOperator.swift */ = {isa = PBXFileReference; lastKnownFileType = sourcecode.swift; path = TernaryOperator.swift; sourceTree = "<group>"; };
		CB2F31C52DE6360000A96DC6 /* AnimationView.swift */ = {isa = PBXFileReference; lastKnownFileType = sourcecode.swift; path = AnimationView.swift; sourceTree = "<group>"; };
		CB3071DE2DD3B0F100ADDFC7 /* UIColors_ColorsLiterals_HexColors.swift */ = {isa = PBXFileReference; lastKnownFileType = sourcecode.swift; path = UIColors_ColorsLiterals_HexColors.swift; sourceTree = "<group>"; };
		CB3071E02DD3BE0A00ADDFC7 /* Linear_Radical_Angular_Gradients.swift */ = {isa = PBXFileReference; lastKnownFileType = sourcecode.swift; path = Linear_Radical_Angular_Gradients.swift; sourceTree = "<group>"; };
		CB32ABA52DDF958F00B83C31 /* VerticalScrollView.swift */ = {isa = PBXFileReference; lastKnownFileType = sourcecode.swift; path = VerticalScrollView.swift; sourceTree = "<group>"; };
		CB32ABB32DDFA00D00B83C31 /* HorizontalScrollView.swift */ = {isa = PBXFileReference; lastKnownFileType = sourcecode.swift; path = HorizontalScrollView.swift; sourceTree = "<group>"; };
		CB6372C22DFB46A900356C44 /* TextFieldView.swift */ = {isa = PBXFileReference; lastKnownFileType = sourcecode.swift; path = TextFieldView.swift; sourceTree = "<group>"; };
		CB6372C42DFB4F8300356C44 /* TextEditerView.swift */ = {isa = PBXFileReference; lastKnownFileType = sourcecode.swift; path = TextEditerView.swift; sourceTree = "<group>"; };
		CB6D2E5A2DE8CE55008B6F3D /* SheetsView.swift */ = {isa = PBXFileReference; lastKnownFileType = sourcecode.swift; path = SheetsView.swift; sourceTree = "<group>"; };
		CB6D2E5D2DE8DC62008B6F3D /* PopoverView.swift */ = {isa = PBXFileReference; lastKnownFileType = sourcecode.swift; path = PopoverView.swift; sourceTree = "<group>"; };
		CB700A2E2E048C6C00E53774 /* BottomTabView.swift */ = {isa = PBXFileReference; lastKnownFileType = sourcecode.swift; path = BottomTabView.swift; sourceTree = "<group>"; };
		CB700A302E04928000E53774 /* PageTabBarView.swift */ = {isa = PBXFileReference; lastKnownFileType = sourcecode.swift; path = PageTabBarView.swift; sourceTree = "<group>"; };
		CB7EAA522DEE11AF003FE096 /* ListView.swift */ = {isa = PBXFileReference; lastKnownFileType = sourcecode.swift; path = ListView.swift; sourceTree = "<group>"; };
		CB8061982DE0ECDC0005E524 /* VerticalAndHorizontalScrollView.swift */ = {isa = PBXFileReference; lastKnownFileType = sourcecode.swift; path = VerticalAndHorizontalScrollView.swift; sourceTree = "<group>"; };
		CB8061A92DE0F6FC0005E524 /* LazyVGridView.swift */ = {isa = PBXFileReference; lastKnownFileType = sourcecode.swift; path = LazyVGridView.swift; sourceTree = "<group>"; };
		CB8061AB2DE0FB210005E524 /* LazyVGridViewExample.swift */ = {isa = PBXFileReference; lastKnownFileType = sourcecode.swift; path = LazyVGridViewExample.swift; sourceTree = "<group>"; };
		CB8061AD2DE101870005E524 /* LazyHGridViewExample.swift */ = {isa = PBXFileReference; lastKnownFileType = sourcecode.swift; path = LazyHGridViewExample.swift; sourceTree = "<group>"; };
		CB8228922E032BA8008F78F3 /* DatePickerView.swift */ = {isa = PBXFileReference; lastKnownFileType = sourcecode.swift; path = DatePickerView.swift; sourceTree = "<group>"; };
		CB8228952E033298008F78F3 /* StepperButtonView.swift */ = {isa = PBXFileReference; lastKnownFileType = sourcecode.swift; path = StepperButtonView.swift; sourceTree = "<group>"; };
		CB8228982E0337DE008F78F3 /* SliderView.swift */ = {isa = PBXFileReference; lastKnownFileType = sourcecode.swift; path = SliderView.swift; sourceTree = "<group>"; };
		CB87D8972DE39104002C94D1 /* ExtractedFunctionAndViews.swift */ = {isa = PBXFileReference; lastKnownFileType = sourcecode.swift; path = ExtractedFunctionAndViews.swift; sourceTree = "<group>"; };
		CBB3F4E52DD26850006A98F8 /* Assets.xcassets */ = {isa = PBXFileReference; lastKnownFileType = folder.assetcatalog; path = Assets.xcassets; sourceTree = "<group>"; };
		CBB3F4E62DD26850006A98F8 /* ContentView.swift */ = {isa = PBXFileReference; lastKnownFileType = sourcecode.swift; path = ContentView.swift; sourceTree = "<group>"; };
		CBB3F4E72DD26850006A98F8 /* SwiftUILearningApp.swift */ = {isa = PBXFileReference; lastKnownFileType = sourcecode.swift; path = SwiftUILearningApp.swift; sourceTree = "<group>"; };
		CBB3F4ED2DD26878006A98F8 /* TextView.swift */ = {isa = PBXFileReference; lastKnownFileType = sourcecode.swift; path = TextView.swift; sourceTree = "<group>"; };
		CBB3F4EF2DD27255006A98F8 /* ShapesView.swift */ = {isa = PBXFileReference; lastKnownFileType = sourcecode.swift; path = ShapesView.swift; sourceTree = "<group>"; };
		CBBE3E012DEF686E003FB0BD /* AlertView.swift */ = {isa = PBXFileReference; lastKnownFileType = sourcecode.swift; path = AlertView.swift; sourceTree = "<group>"; };
		CBBE3E032DEF6DD5003FB0BD /* CustomAlertView.swift */ = {isa = PBXFileReference; lastKnownFileType = sourcecode.swift; path = CustomAlertView.swift; sourceTree = "<group>"; };
		CBBFC4902DF0B62E00961BC9 /* ActionSheetView.swift */ = {isa = PBXFileReference; lastKnownFileType = sourcecode.swift; path = ActionSheetView.swift; sourceTree = "<group>"; };
		CBC79CED2DE77F9D00203C80 /* AnimationViewWithTiming.swift */ = {isa = PBXFileReference; lastKnownFileType = sourcecode.swift; path = AnimationViewWithTiming.swift; sourceTree = "<group>"; };
		CBC79CEF2DE787F700203C80 /* TransitionView.swift */ = {isa = PBXFileReference; lastKnownFileType = sourcecode.swift; path = TransitionView.swift; sourceTree = "<group>"; };
		CBDB85352DDBA1F10007F538 /* VStackView.swift */ = {isa = PBXFileReference; lastKnownFileType = sourcecode.swift; path = VStackView.swift; sourceTree = "<group>"; };
		CBDB85372DDBA2C10007F538 /* HStackView.swift */ = {isa = PBXFileReference; lastKnownFileType = sourcecode.swift; path = HStackView.swift; sourceTree = "<group>"; };
		CBDB85392DDBA3780007F538 /* ZStackView.swift */ = {isa = PBXFileReference; lastKnownFileType = sourcecode.swift; path = ZStackView.swift; sourceTree = "<group>"; };
		CBDB853B2DDBA7A70007F538 /* ZStack_VStack_HStack_View.swift */ = {isa = PBXFileReference; lastKnownFileType = sourcecode.swift; path = ZStack_VStack_HStack_View.swift; sourceTree = "<group>"; };
		CBDB853E2DDBB2A10007F538 /* PaddingView.swift */ = {isa = PBXFileReference; lastKnownFileType = sourcecode.swift; path = PaddingView.swift; sourceTree = "<group>"; };
		CBDB85402DDBB4580007F538 /* PaddingWithVStack.swift */ = {isa = PBXFileReference; lastKnownFileType = sourcecode.swift; path = PaddingWithVStack.swift; sourceTree = "<group>"; };
		CBEABB612DF0BBD400636F83 /* DynamicActionSheetView.swift */ = {isa = PBXFileReference; lastKnownFileType = sourcecode.swift; path = DynamicActionSheetView.swift; sourceTree = "<group>"; };
		CBEABB642DF0C5AD00636F83 /* ContextMenuView.swift */ = {isa = PBXFileReference; lastKnownFileType = sourcecode.swift; path = ContextMenuView.swift; sourceTree = "<group>"; };
		CBEED5462DE234A300BF1F05 /* SafeAreaView.swift */ = {isa = PBXFileReference; lastKnownFileType = sourcecode.swift; path = SafeAreaView.swift; sourceTree = "<group>"; };
		CBEED5482DE2386000BF1F05 /* SafeAreaWithScrollView.swift */ = {isa = PBXFileReference; lastKnownFileType = sourcecode.swift; path = SafeAreaWithScrollView.swift; sourceTree = "<group>"; };
		CBEED54B2DE23F1F00BF1F05 /* ButtonView.swift */ = {isa = PBXFileReference; lastKnownFileType = sourcecode.swift; path = ButtonView.swift; sourceTree = "<group>"; };
		CBEED54E2DE24B0D00BF1F05 /* StateVariableView.swift */ = {isa = PBXFileReference; lastKnownFileType = sourcecode.swift; path = StateVariableView.swift; sourceTree = "<group>"; };
		CBEEF44B2E09C23500A33754 /* OnAppearsView.swift */ = {isa = PBXFileReference; lastKnownFileType = sourcecode.swift; path = OnAppearsView.swift; sourceTree = "<group>"; };
		CBEEF44F2E09C98500A33754 /* IfLetGuardLetStatement.swift */ = {isa = PBXFileReference; lastKnownFileType = sourcecode.swift; path = IfLetGuardLetStatement.swift; sourceTree = "<group>"; };
		CBF7508F2DDF87A000DC88E1 /* ForEachLoopView.swift */ = {isa = PBXFileReference; lastKnownFileType = sourcecode.swift; path = ForEachLoopView.swift; sourceTree = "<group>"; };
/* End PBXFileReference section */

/* Begin PBXFileSystemSynchronizedRootGroup section */
		CB0100A12DD253DD005B1BA1 /* SwiftUILearningTests */ = {
			isa = PBXFileSystemSynchronizedRootGroup;
			path = SwiftUILearningTests;
			sourceTree = "<group>";
		};
		CB0100AB2DD253DD005B1BA1 /* SwiftUILearningUITests */ = {
			isa = PBXFileSystemSynchronizedRootGroup;
			path = SwiftUILearningUITests;
			sourceTree = "<group>";
		};
/* End PBXFileSystemSynchronizedRootGroup section */

/* Begin PBXFrameworksBuildPhase section */
		CB01008E2DD253DC005B1BA1 /* Frameworks */ = {
			isa = PBXFrameworksBuildPhase;
			buildActionMask = 2147483647;
			files = (
			);
			runOnlyForDeploymentPostprocessing = 0;
		};
		CB01009B2DD253DD005B1BA1 /* Frameworks */ = {
			isa = PBXFrameworksBuildPhase;
			buildActionMask = 2147483647;
			files = (
			);
			runOnlyForDeploymentPostprocessing = 0;
		};
		CB0100A52DD253DD005B1BA1 /* Frameworks */ = {
			isa = PBXFrameworksBuildPhase;
			buildActionMask = 2147483647;
			files = (
			);
			runOnlyForDeploymentPostprocessing = 0;
		};
/* End PBXFrameworksBuildPhase section */

/* Begin PBXGroup section */
		CB0100882DD253DC005B1BA1 = {
			isa = PBXGroup;
			children = (
				CBB3F4E82DD26850006A98F8 /* SwiftUILearning */,
				CB0100A12DD253DD005B1BA1 /* SwiftUILearningTests */,
				CB0100AB2DD253DD005B1BA1 /* SwiftUILearningUITests */,
				CB0100922DD253DC005B1BA1 /* Products */,
			);
			sourceTree = "<group>";
		};
		CB0100922DD253DC005B1BA1 /* Products */ = {
			isa = PBXGroup;
			children = (
				CB0100912DD253DC005B1BA1 /* SwiftUILearning.app */,
				CB01009E2DD253DD005B1BA1 /* SwiftUILearningTests.xctest */,
				CB0100A82DD253DD005B1BA1 /* SwiftUILearningUITests.xctest */,
			);
			name = Products;
			sourceTree = "<group>";
		};
		CB0F40CD2E01D5CC00173F9B /* Toggle */ = {
			isa = PBXGroup;
			children = (
				CB0F40CE2E01D5DC00173F9B /* ToggleButton.swift */,
			);
			path = Toggle;
			sourceTree = "<group>";
		};
		CB0F40D02E01D98200173F9B /* Picker */ = {
			isa = PBXGroup;
			children = (
				CB0F40D12E01D98F00173F9B /* PickerView.swift */,
				CB0F40D32E01DDD300173F9B /* PickerMenuExample.swift */,
				CB0F40D52E01E26C00173F9B /* PickerSegmentExample.swift */,
				CB0F40D72E01E73500173F9B /* ColorPickerView.swift */,
				CB8228922E032BA8008F78F3 /* DatePickerView.swift */,
			);
			path = Picker;
			sourceTree = "<group>";
		};
		CB1C76D42DD87C2500DBDAB0 /* ImagesAndSymbols */ = {
			isa = PBXGroup;
			children = (
				CB1C76D52DD87C6C00DBDAB0 /* SystemIcon_MultiColorIcon_SFSymbol.swift */,
				CB1C76D82DD8801C00DBDAB0 /* AssetsImages.swift */,
			);
			path = ImagesAndSymbols;
			sourceTree = "<group>";
		};
		CB1C76D72DD87FCF00DBDAB0 /* TextAndShapes */ = {
			isa = PBXGroup;
			children = (
				CBB3F4ED2DD26878006A98F8 /* TextView.swift */,
				CBB3F4EF2DD27255006A98F8 /* ShapesView.swift */,
			);
			path = TextAndShapes;
			sourceTree = "<group>";
		};
		CB1C76E62DD8876B00DBDAB0 /* FramesAndAlingement */ = {
			isa = PBXGroup;
			children = (
				CB1C76E72DD896DA00DBDAB0 /* FrameView.swift */,
			);
			path = FramesAndAlingement;
			sourceTree = "<group>";
		};
		CB1C76E92DD90FAF00DBDAB0 /* BackgroundAndOverlays */ = {
			isa = PBXGroup;
			children = (
				CB1C76EA2DD90FD700DBDAB0 /* BackgroundView.swift */,
				CB1C76EC2DD91BB100DBDAB0 /* OverlayInCircleView.swift */,
				CB1C76EE2DD91C2200DBDAB0 /* OverlayInRectangleView.swift */,
				CB1C76F02DD91C9A00DBDAB0 /* OverlayUseInNotificationBedgeView.swift */,
			);
			path = BackgroundAndOverlays;
			sourceTree = "<group>";
		};
		CB1E535A2DEB729700257949 /* Navigations */ = {
			isa = PBXGroup;
			children = (
				CB1E535B2DEB74AE00257949 /* NavigationViewAndNavigationLink.swift */,
			);
			path = Navigations;
			sourceTree = "<group>";
		};
		CB1FDB442DDE4D2D007C4347 /* InitializersAndEnums */ = {
			isa = PBXGroup;
			children = (
				CB1FDB452DDE4D45007C4347 /* InitializerAndEnumView.swift */,
			);
			path = InitializersAndEnums;
			sourceTree = "<group>";
		};
		CB2E553D2DE4E43D00687E19 /* BindingPropertyWrapper */ = {
			isa = PBXGroup;
			children = (
				CB2E553E2DE4E63700687E19 /* BindingProperties.swift */,
			);
			path = BindingPropertyWrapper;
			sourceTree = "<group>";
		};
		CB2F31BC2DE6287500A96DC6 /* ConditionalStatements */ = {
			isa = PBXGroup;
			children = (
				CB2F31BD2DE628CD00A96DC6 /* ConditionalStatement.swift */,
				CB2F31BF2DE62DB700A96DC6 /* LoadingView.swift */,
			);
			path = ConditionalStatements;
			sourceTree = "<group>";
		};
		CB2F31C12DE630FF00A96DC6 /* Operators */ = {
			isa = PBXGroup;
			children = (
				CB2F31C22DE6311700A96DC6 /* TernaryOperator.swift */,
			);
			path = Operators;
			sourceTree = "<group>";
		};
		CB2F31C42DE635F000A96DC6 /* Animations */ = {
			isa = PBXGroup;
			children = (
				CB2F31C52DE6360000A96DC6 /* AnimationView.swift */,
				CBC79CED2DE77F9D00203C80 /* AnimationViewWithTiming.swift */,
				CBC79CEF2DE787F700203C80 /* TransitionView.swift */,
			);
			path = Animations;
			sourceTree = "<group>";
		};
		CB3071DD2DD3B09E00ADDFC7 /* Colors */ = {
			isa = PBXGroup;
			children = (
				CB3071DE2DD3B0F100ADDFC7 /* UIColors_ColorsLiterals_HexColors.swift */,
				CB3071E02DD3BE0A00ADDFC7 /* Linear_Radical_Angular_Gradients.swift */,
			);
			path = Colors;
			sourceTree = "<group>";
		};
		CB6372C12DFB469A00356C44 /* TextFields */ = {
			isa = PBXGroup;
			children = (
				CB6372C22DFB46A900356C44 /* TextFieldView.swift */,
				CB6372C42DFB4F8300356C44 /* TextEditerView.swift */,
			);
			path = TextFields;
			sourceTree = "<group>";
		};
		CB6D2E592DE8CE3A008B6F3D /* Sheets */ = {
			isa = PBXGroup;
			children = (
				CB6D2E5A2DE8CE55008B6F3D /* SheetsView.swift */,
			);
			path = Sheets;
			sourceTree = "<group>";
		};
		CB6D2E5C2DE8DC46008B6F3D /* PopOverView */ = {
			isa = PBXGroup;
			children = (
				CB6D2E5D2DE8DC62008B6F3D /* PopoverView.swift */,
			);
			path = PopOverView;
			sourceTree = "<group>";
		};
		CB700A2D2E048C5600E53774 /* TabView */ = {
			isa = PBXGroup;
			children = (
				CB700A2E2E048C6C00E53774 /* BottomTabView.swift */,
				CB700A302E04928000E53774 /* PageTabBarView.swift */,
			);
			path = TabView;
			sourceTree = "<group>";
		};
		CB7EAA512DEE1188003FE096 /* ListView */ = {
			isa = PBXGroup;
			children = (
				CB7EAA522DEE11AF003FE096 /* ListView.swift */,
			);
			path = ListView;
			sourceTree = "<group>";
		};
		CB8061A62DE0F20D0005E524 /* LazyGrids */ = {
			isa = PBXGroup;
			children = (
				CB8061A92DE0F6FC0005E524 /* LazyVGridView.swift */,
				CB8061AB2DE0FB210005E524 /* LazyVGridViewExample.swift */,
				CB8061AD2DE101870005E524 /* LazyHGridViewExample.swift */,
			);
			path = LazyGrids;
			sourceTree = "<group>";
		};
		CB8228942E03327E008F78F3 /* Stepper */ = {
			isa = PBXGroup;
			children = (
				CB8228952E033298008F78F3 /* StepperButtonView.swift */,
			);
			path = Stepper;
			sourceTree = "<group>";
		};
		CB8228972E0337D3008F78F3 /* Slider */ = {
			isa = PBXGroup;
			children = (
				CB8228982E0337DE008F78F3 /* SliderView.swift */,
			);
			path = Slider;
			sourceTree = "<group>";
		};
		CB87D8962DE38EFF002C94D1 /* FunctionaAndViews */ = {
			isa = PBXGroup;
			children = (
				CB87D8972DE39104002C94D1 /* ExtractedFunctionAndViews.swift */,
				CB2E553B2DE4DD6500687E19 /* ExtractSubView.swift */,
			);
			path = FunctionaAndViews;
			sourceTree = "<group>";
		};
		CBB3F4E82DD26850006A98F8 /* SwiftUILearning */ = {
			isa = PBXGroup;
			children = (
				CBEEF44D2E09C7AE00A33754 /* Statements */,
				CBB3F4EC2DD2685C006A98F8 /* UIComponents */,
				CBB3F4E52DD26850006A98F8 /* Assets.xcassets */,
				CBB3F4E62DD26850006A98F8 /* ContentView.swift */,
				CBB3F4E72DD26850006A98F8 /* SwiftUILearningApp.swift */,
			);
			path = SwiftUILearning;
			sourceTree = "<group>";
		};
		CBB3F4EC2DD2685C006A98F8 /* UIComponents */ = {
			isa = PBXGroup;
			children = (
				CBEEF44A2E09C21100A33754 /* AppearsAndDisappears */,
				CB700A2D2E048C5600E53774 /* TabView */,
				CB8228972E0337D3008F78F3 /* Slider */,
				CB8228942E03327E008F78F3 /* Stepper */,
				CB0F40D02E01D98200173F9B /* Picker */,
				CB0F40CD2E01D5CC00173F9B /* Toggle */,
				CB6372C12DFB469A00356C44 /* TextFields */,
				CBEABB632DF0C59600636F83 /* ContextMenu */,
				CBBFC48F2DF0B61B00961BC9 /* ActionSheet */,
				CBBE3E002DEF6860003FB0BD /* AlertViews */,
				CB7EAA512DEE1188003FE096 /* ListView */,
				CB1E535A2DEB729700257949 /* Navigations */,
				CB6D2E5C2DE8DC46008B6F3D /* PopOverView */,
				CB6D2E592DE8CE3A008B6F3D /* Sheets */,
				CB2F31C42DE635F000A96DC6 /* Animations */,
				CB2F31C12DE630FF00A96DC6 /* Operators */,
				CB2F31BC2DE6287500A96DC6 /* ConditionalStatements */,
				CB2E553D2DE4E43D00687E19 /* BindingPropertyWrapper */,
				CB87D8962DE38EFF002C94D1 /* FunctionaAndViews */,
				CBEED54D2DE2488000BF1F05 /* StatePropertyWrapper */,
				CBEED54A2DE23F1400BF1F05 /* Button */,
				CBEED5452DE2348B00BF1F05 /* SafeArea */,
				CB8061A62DE0F20D0005E524 /* LazyGrids */,
				CBF750912DDF919800DC88E1 /* ScrollView */,
				CBF7508E2DDF878A00DC88E1 /* ForEachLoop */,
				CB1FDB442DDE4D2D007C4347 /* InitializersAndEnums */,
				CBDB853D2DDBB1210007F538 /* PaddingAndSpacer */,
				CBDB85342DDBA0D40007F538 /* Stacks */,
				CB1C76E92DD90FAF00DBDAB0 /* BackgroundAndOverlays */,
				CB1C76E62DD8876B00DBDAB0 /* FramesAndAlingement */,
				CB1C76D42DD87C2500DBDAB0 /* ImagesAndSymbols */,
				CB3071DD2DD3B09E00ADDFC7 /* Colors */,
				CB1C76D72DD87FCF00DBDAB0 /* TextAndShapes */,
			);
			path = UIComponents;
			sourceTree = "<group>";
		};
		CBBE3E002DEF6860003FB0BD /* AlertViews */ = {
			isa = PBXGroup;
			children = (
				CBBE3E012DEF686E003FB0BD /* AlertView.swift */,
				CBBE3E032DEF6DD5003FB0BD /* CustomAlertView.swift */,
			);
			path = AlertViews;
			sourceTree = "<group>";
		};
		CBBFC48F2DF0B61B00961BC9 /* ActionSheet */ = {
			isa = PBXGroup;
			children = (
				CBBFC4902DF0B62E00961BC9 /* ActionSheetView.swift */,
				CBEABB612DF0BBD400636F83 /* DynamicActionSheetView.swift */,
			);
			path = ActionSheet;
			sourceTree = "<group>";
		};
		CBDB85342DDBA0D40007F538 /* Stacks */ = {
			isa = PBXGroup;
			children = (
				CBDB85352DDBA1F10007F538 /* VStackView.swift */,
				CBDB85372DDBA2C10007F538 /* HStackView.swift */,
				CBDB85392DDBA3780007F538 /* ZStackView.swift */,
				CBDB853B2DDBA7A70007F538 /* ZStack_VStack_HStack_View.swift */,
			);
			path = Stacks;
			sourceTree = "<group>";
		};
		CBDB853D2DDBB1210007F538 /* PaddingAndSpacer */ = {
			isa = PBXGroup;
			children = (
				CBDB853E2DDBB2A10007F538 /* PaddingView.swift */,
				CBDB85402DDBB4580007F538 /* PaddingWithVStack.swift */,
				CB09DB602DDCF7CD00BE30F7 /* SpacerView.swift */,
				CB09DB622DDCFAE000BE30F7 /* SpacerWithImages.swift */,
			);
			path = PaddingAndSpacer;
			sourceTree = "<group>";
		};
		CBEABB632DF0C59600636F83 /* ContextMenu */ = {
			isa = PBXGroup;
			children = (
				CBEABB642DF0C5AD00636F83 /* ContextMenuView.swift */,
			);
			path = ContextMenu;
			sourceTree = "<group>";
		};
		CBEED5452DE2348B00BF1F05 /* SafeArea */ = {
			isa = PBXGroup;
			children = (
				CBEED5462DE234A300BF1F05 /* SafeAreaView.swift */,
				CBEED5482DE2386000BF1F05 /* SafeAreaWithScrollView.swift */,
			);
			path = SafeArea;
			sourceTree = "<group>";
		};
		CBEED54A2DE23F1400BF1F05 /* Button */ = {
			isa = PBXGroup;
			children = (
				CBEED54B2DE23F1F00BF1F05 /* ButtonView.swift */,
			);
			path = Button;
			sourceTree = "<group>";
		};
		CBEED54D2DE2488000BF1F05 /* StatePropertyWrapper */ = {
			isa = PBXGroup;
			children = (
				CBEED54E2DE24B0D00BF1F05 /* StateVariableView.swift */,
			);
			path = StatePropertyWrapper;
			sourceTree = "<group>";
		};
		CBEEF44A2E09C21100A33754 /* AppearsAndDisappears */ = {
			isa = PBXGroup;
			children = (
				CBEEF44B2E09C23500A33754 /* OnAppearsView.swift */,
			);
			path = AppearsAndDisappears;
			sourceTree = "<group>";
		};
		CBEEF44D2E09C7AE00A33754 /* Statements */ = {
			isa = PBXGroup;
			children = (
				CBEEF44E2E09C95800A33754 /* IfLetAndGuardLetStatement */,
			);
			path = Statements;
			sourceTree = "<group>";
		};
		CBEEF44E2E09C95800A33754 /* IfLetAndGuardLetStatement */ = {
			isa = PBXGroup;
			children = (
				CBEEF44F2E09C98500A33754 /* IfLetGuardLetStatement.swift */,
			);
			path = IfLetAndGuardLetStatement;
			sourceTree = "<group>";
		};
		CBF7508E2DDF878A00DC88E1 /* ForEachLoop */ = {
			isa = PBXGroup;
			children = (
				CBF7508F2DDF87A000DC88E1 /* ForEachLoopView.swift */,
			);
			path = ForEachLoop;
			sourceTree = "<group>";
		};
		CBF750912DDF919800DC88E1 /* ScrollView */ = {
			isa = PBXGroup;
			children = (
				CB32ABA52DDF958F00B83C31 /* VerticalScrollView.swift */,
				CB32ABB32DDFA00D00B83C31 /* HorizontalScrollView.swift */,
				CB8061982DE0ECDC0005E524 /* VerticalAndHorizontalScrollView.swift */,
			);
			path = ScrollView;
			sourceTree = "<group>";
		};
/* End PBXGroup section */

/* Begin PBXNativeTarget section */
		CB0100902DD253DC005B1BA1 /* SwiftUILearning */ = {
			isa = PBXNativeTarget;
			buildConfigurationList = CB0100B22DD253DD005B1BA1 /* Build configuration list for PBXNativeTarget "SwiftUILearning" */;
			buildPhases = (
				CB01008D2DD253DC005B1BA1 /* Sources */,
				CB01008E2DD253DC005B1BA1 /* Frameworks */,
				CB01008F2DD253DC005B1BA1 /* Resources */,
			);
			buildRules = (
			);
			dependencies = (
			);
			name = SwiftUILearning;
			packageProductDependencies = (
			);
			productName = SwiftUILearning;
			productReference = CB0100912DD253DC005B1BA1 /* SwiftUILearning.app */;
			productType = "com.apple.product-type.application";
		};
		CB01009D2DD253DD005B1BA1 /* SwiftUILearningTests */ = {
			isa = PBXNativeTarget;
			buildConfigurationList = CB0100B52DD253DD005B1BA1 /* Build configuration list for PBXNativeTarget "SwiftUILearningTests" */;
			buildPhases = (
				CB01009A2DD253DD005B1BA1 /* Sources */,
				CB01009B2DD253DD005B1BA1 /* Frameworks */,
				CB01009C2DD253DD005B1BA1 /* Resources */,
			);
			buildRules = (
			);
			dependencies = (
				CB0100A02DD253DD005B1BA1 /* PBXTargetDependency */,
			);
			fileSystemSynchronizedGroups = (
				CB0100A12DD253DD005B1BA1 /* SwiftUILearningTests */,
			);
			name = SwiftUILearningTests;
			packageProductDependencies = (
			);
			productName = SwiftUILearningTests;
			productReference = CB01009E2DD253DD005B1BA1 /* SwiftUILearningTests.xctest */;
			productType = "com.apple.product-type.bundle.unit-test";
		};
		CB0100A72DD253DD005B1BA1 /* SwiftUILearningUITests */ = {
			isa = PBXNativeTarget;
			buildConfigurationList = CB0100B82DD253DD005B1BA1 /* Build configuration list for PBXNativeTarget "SwiftUILearningUITests" */;
			buildPhases = (
				CB0100A42DD253DD005B1BA1 /* Sources */,
				CB0100A52DD253DD005B1BA1 /* Frameworks */,
				CB0100A62DD253DD005B1BA1 /* Resources */,
			);
			buildRules = (
			);
			dependencies = (
				CB0100AA2DD253DD005B1BA1 /* PBXTargetDependency */,
			);
			fileSystemSynchronizedGroups = (
				CB0100AB2DD253DD005B1BA1 /* SwiftUILearningUITests */,
			);
			name = SwiftUILearningUITests;
			packageProductDependencies = (
			);
			productName = SwiftUILearningUITests;
			productReference = CB0100A82DD253DD005B1BA1 /* SwiftUILearningUITests.xctest */;
			productType = "com.apple.product-type.bundle.ui-testing";
		};
/* End PBXNativeTarget section */

/* Begin PBXProject section */
		CB0100892DD253DC005B1BA1 /* Project object */ = {
			isa = PBXProject;
			attributes = {
				BuildIndependentTargetsInParallel = 1;
				LastSwiftUpdateCheck = 1630;
				LastUpgradeCheck = 1630;
				TargetAttributes = {
					CB0100902DD253DC005B1BA1 = {
						CreatedOnToolsVersion = 16.3;
					};
					CB01009D2DD253DD005B1BA1 = {
						CreatedOnToolsVersion = 16.3;
						TestTargetID = CB0100902DD253DC005B1BA1;
					};
					CB0100A72DD253DD005B1BA1 = {
						CreatedOnToolsVersion = 16.3;
						TestTargetID = CB0100902DD253DC005B1BA1;
					};
				};
			};
			buildConfigurationList = CB01008C2DD253DC005B1BA1 /* Build configuration list for PBXProject "SwiftUILearning" */;
			developmentRegion = en;
			hasScannedForEncodings = 0;
			knownRegions = (
				en,
				Base,
			);
			mainGroup = CB0100882DD253DC005B1BA1;
			minimizedProjectReferenceProxies = 1;
			preferredProjectObjectVersion = 77;
			productRefGroup = CB0100922DD253DC005B1BA1 /* Products */;
			projectDirPath = "";
			projectRoot = "";
			targets = (
				CB0100902DD253DC005B1BA1 /* SwiftUILearning */,
				CB01009D2DD253DD005B1BA1 /* SwiftUILearningTests */,
				CB0100A72DD253DD005B1BA1 /* SwiftUILearningUITests */,
			);
		};
/* End PBXProject section */

/* Begin PBXResourcesBuildPhase section */
		CB01008F2DD253DC005B1BA1 /* Resources */ = {
			isa = PBXResourcesBuildPhase;
			buildActionMask = 2147483647;
			files = (
				CBB3F4EB2DD26850006A98F8 /* Assets.xcassets in Resources */,
			);
			runOnlyForDeploymentPostprocessing = 0;
		};
		CB01009C2DD253DD005B1BA1 /* Resources */ = {
			isa = PBXResourcesBuildPhase;
			buildActionMask = 2147483647;
			files = (
			);
			runOnlyForDeploymentPostprocessing = 0;
		};
		CB0100A62DD253DD005B1BA1 /* Resources */ = {
			isa = PBXResourcesBuildPhase;
			buildActionMask = 2147483647;
			files = (
			);
			runOnlyForDeploymentPostprocessing = 0;
		};
/* End PBXResourcesBuildPhase section */

/* Begin PBXSourcesBuildPhase section */
		CB01008D2DD253DC005B1BA1 /* Sources */ = {
			isa = PBXSourcesBuildPhase;
			buildActionMask = 2147483647;
			files = (
				CB3071E12DD3BE0A00ADDFC7 /* Linear_Radical_Angular_Gradients.swift in Sources */,
				CB0F40D82E01E73500173F9B /* ColorPickerView.swift in Sources */,
				CB2F31C62DE6360000A96DC6 /* AnimationView.swift in Sources */,
				CBF750902DDF87A000DC88E1 /* ForEachLoopView.swift in Sources */,
				CB2E553F2DE4E63700687E19 /* BindingProperties.swift in Sources */,
				CBEED54C2DE23F1F00BF1F05 /* ButtonView.swift in Sources */,
				CB1C76F12DD91C9A00DBDAB0 /* OverlayUseInNotificationBedgeView.swift in Sources */,
				CB1E535C2DEB74AE00257949 /* NavigationViewAndNavigationLink.swift in Sources */,
				CBEED5492DE2386000BF1F05 /* SafeAreaWithScrollView.swift in Sources */,
				CB0F40D42E01DDD300173F9B /* PickerMenuExample.swift in Sources */,
				CBB3F4EE2DD26878006A98F8 /* TextView.swift in Sources */,
				CB700A312E04928000E53774 /* PageTabBarView.swift in Sources */,
				CB1C76EB2DD90FD700DBDAB0 /* BackgroundView.swift in Sources */,
				CB32ABB42DDFA00D00B83C31 /* HorizontalScrollView.swift in Sources */,
				CB32ABA62DDF958F00B83C31 /* VerticalScrollView.swift in Sources */,
				CB8061AE2DE101870005E524 /* LazyHGridViewExample.swift in Sources */,
				CB1C76D62DD87C6C00DBDAB0 /* SystemIcon_MultiColorIcon_SFSymbol.swift in Sources */,
				CB8061AC2DE0FB210005E524 /* LazyVGridViewExample.swift in Sources */,
				CBEEF44C2E09C23500A33754 /* OnAppearsView.swift in Sources */,
				CB1FDB462DDE4D45007C4347 /* InitializerAndEnumView.swift in Sources */,
				CB0F40CF2E01D5DC00173F9B /* ToggleButton.swift in Sources */,
				CB2E553C2DE4DD6600687E19 /* ExtractSubView.swift in Sources */,
				CBDB85412DDBB4580007F538 /* PaddingWithVStack.swift in Sources */,
				CBC79CF02DE787F700203C80 /* TransitionView.swift in Sources */,
				CBDB853C2DDBA7A70007F538 /* ZStack_VStack_HStack_View.swift in Sources */,
				CB2F31C02DE62DB700A96DC6 /* LoadingView.swift in Sources */,
				CB1C76EF2DD91C2200DBDAB0 /* OverlayInRectangleView.swift in Sources */,
				CB09DB612DDCF7CD00BE30F7 /* SpacerView.swift in Sources */,
				CB6D2E5E2DE8DC62008B6F3D /* PopoverView.swift in Sources */,
				CB6D2E5B2DE8CE55008B6F3D /* SheetsView.swift in Sources */,
				CBDB853A2DDBA3780007F538 /* ZStackView.swift in Sources */,
				CB6372C52DFB4F8300356C44 /* TextEditerView.swift in Sources */,
				CBEED5472DE234A300BF1F05 /* SafeAreaView.swift in Sources */,
				CBDB853F2DDBB2A10007F538 /* PaddingView.swift in Sources */,
				CB09DB632DDCFAE000BE30F7 /* SpacerWithImages.swift in Sources */,
				CB1C76E82DD896DA00DBDAB0 /* FrameView.swift in Sources */,
				CBBE3E042DEF6DD5003FB0BD /* CustomAlertView.swift in Sources */,
				CB7EAA532DEE11AF003FE096 /* ListView.swift in Sources */,
				CBEABB622DF0BBD400636F83 /* DynamicActionSheetView.swift in Sources */,
				CB0F40D62E01E26C00173F9B /* PickerSegmentExample.swift in Sources */,
				CBB3F4E92DD26850006A98F8 /* ContentView.swift in Sources */,
				CBB3F4F02DD27255006A98F8 /* ShapesView.swift in Sources */,
				CBBFC4912DF0B62E00961BC9 /* ActionSheetView.swift in Sources */,
				CB0F40D22E01D98F00173F9B /* PickerView.swift in Sources */,
				CBEEF4502E09C98500A33754 /* IfLetGuardLetStatement.swift in Sources */,
				CB2F31BE2DE628CD00A96DC6 /* ConditionalStatement.swift in Sources */,
				CB8228992E0337DE008F78F3 /* SliderView.swift in Sources */,
				CBEED54F2DE24B0D00BF1F05 /* StateVariableView.swift in Sources */,
				CB8228932E032BA8008F78F3 /* DatePickerView.swift in Sources */,
				CB3071DF2DD3B0F100ADDFC7 /* UIColors_ColorsLiterals_HexColors.swift in Sources */,
				CBC79CEE2DE77F9D00203C80 /* AnimationViewWithTiming.swift in Sources */,
				CBDB85362DDBA1F10007F538 /* VStackView.swift in Sources */,
				CBBE3E022DEF686E003FB0BD /* AlertView.swift in Sources */,
				CB6372C32DFB46A900356C44 /* TextFieldView.swift in Sources */,
				CB1C76D92DD8801C00DBDAB0 /* AssetsImages.swift in Sources */,
				CB87D8982DE39104002C94D1 /* ExtractedFunctionAndViews.swift in Sources */,
				CB8228962E033298008F78F3 /* StepperButtonView.swift in Sources */,
				CBB3F4EA2DD26850006A98F8 /* SwiftUILearningApp.swift in Sources */,
				CBEABB652DF0C5AD00636F83 /* ContextMenuView.swift in Sources */,
				CB2F31C32DE6311700A96DC6 /* TernaryOperator.swift in Sources */,
				CBDB85382DDBA2C10007F538 /* HStackView.swift in Sources */,
				CB8061AA2DE0F6FC0005E524 /* LazyVGridView.swift in Sources */,
				CB700A2F2E048C6C00E53774 /* BottomTabView.swift in Sources */,
				CB1C76ED2DD91BB100DBDAB0 /* OverlayInCircleView.swift in Sources */,
				CB8061992DE0ECDC0005E524 /* VerticalAndHorizontalScrollView.swift in Sources */,
			);
			runOnlyForDeploymentPostprocessing = 0;
		};
		CB01009A2DD253DD005B1BA1 /* Sources */ = {
			isa = PBXSourcesBuildPhase;
			buildActionMask = 2147483647;
			files = (
			);
			runOnlyForDeploymentPostprocessing = 0;
		};
		CB0100A42DD253DD005B1BA1 /* Sources */ = {
			isa = PBXSourcesBuildPhase;
			buildActionMask = 2147483647;
			files = (
			);
			runOnlyForDeploymentPostprocessing = 0;
		};
/* End PBXSourcesBuildPhase section */

/* Begin PBXTargetDependency section */
		CB0100A02DD253DD005B1BA1 /* PBXTargetDependency */ = {
			isa = PBXTargetDependency;
			target = CB0100902DD253DC005B1BA1 /* SwiftUILearning */;
			targetProxy = CB01009F2DD253DD005B1BA1 /* PBXContainerItemProxy */;
		};
		CB0100AA2DD253DD005B1BA1 /* PBXTargetDependency */ = {
			isa = PBXTargetDependency;
			target = CB0100902DD253DC005B1BA1 /* SwiftUILearning */;
			targetProxy = CB0100A92DD253DD005B1BA1 /* PBXContainerItemProxy */;
		};
/* End PBXTargetDependency section */

/* Begin XCBuildConfiguration section */
		CB0100B02DD253DD005B1BA1 /* Debug */ = {
			isa = XCBuildConfiguration;
			buildSettings = {
				ALWAYS_SEARCH_USER_PATHS = NO;
				ASSETCATALOG_COMPILER_GENERATE_SWIFT_ASSET_SYMBOL_EXTENSIONS = YES;
				CLANG_ANALYZER_NONNULL = YES;
				CLANG_ANALYZER_NUMBER_OBJECT_CONVERSION = YES_AGGRESSIVE;
				CLANG_CXX_LANGUAGE_STANDARD = "gnu++20";
				CLANG_ENABLE_MODULES = YES;
				CLANG_ENABLE_OBJC_ARC = YES;
				CLANG_ENABLE_OBJC_WEAK = YES;
				CLANG_WARN_BLOCK_CAPTURE_AUTORELEASING = YES;
				CLANG_WARN_BOOL_CONVERSION = YES;
				CLANG_WARN_COMMA = YES;
				CLANG_WARN_CONSTANT_CONVERSION = YES;
				CLANG_WARN_DEPRECATED_OBJC_IMPLEMENTATIONS = YES;
				CLANG_WARN_DIRECT_OBJC_ISA_USAGE = YES_ERROR;
				CLANG_WARN_DOCUMENTATION_COMMENTS = YES;
				CLANG_WARN_EMPTY_BODY = YES;
				CLANG_WARN_ENUM_CONVERSION = YES;
				CLANG_WARN_INFINITE_RECURSION = YES;
				CLANG_WARN_INT_CONVERSION = YES;
				CLANG_WARN_NON_LITERAL_NULL_CONVERSION = YES;
				CLANG_WARN_OBJC_IMPLICIT_RETAIN_SELF = YES;
				CLANG_WARN_OBJC_LITERAL_CONVERSION = YES;
				CLANG_WARN_OBJC_ROOT_CLASS = YES_ERROR;
				CLANG_WARN_QUOTED_INCLUDE_IN_FRAMEWORK_HEADER = YES;
				CLANG_WARN_RANGE_LOOP_ANALYSIS = YES;
				CLANG_WARN_STRICT_PROTOTYPES = YES;
				CLANG_WARN_SUSPICIOUS_MOVE = YES;
				CLANG_WARN_UNGUARDED_AVAILABILITY = YES_AGGRESSIVE;
				CLANG_WARN_UNREACHABLE_CODE = YES;
				CLANG_WARN__DUPLICATE_METHOD_MATCH = YES;
				COPY_PHASE_STRIP = NO;
				DEBUG_INFORMATION_FORMAT = dwarf;
				DEVELOPMENT_TEAM = 32G264524B;
				ENABLE_STRICT_OBJC_MSGSEND = YES;
				ENABLE_TESTABILITY = YES;
				ENABLE_USER_SCRIPT_SANDBOXING = YES;
				GCC_C_LANGUAGE_STANDARD = gnu17;
				GCC_DYNAMIC_NO_PIC = NO;
				GCC_NO_COMMON_BLOCKS = YES;
				GCC_OPTIMIZATION_LEVEL = 0;
				GCC_PREPROCESSOR_DEFINITIONS = (
					"DEBUG=1",
					"$(inherited)",
				);
				GCC_WARN_64_TO_32_BIT_CONVERSION = YES;
				GCC_WARN_ABOUT_RETURN_TYPE = YES_ERROR;
				GCC_WARN_UNDECLARED_SELECTOR = YES;
				GCC_WARN_UNINITIALIZED_AUTOS = YES_AGGRESSIVE;
				GCC_WARN_UNUSED_FUNCTION = YES;
				GCC_WARN_UNUSED_VARIABLE = YES;
				IPHONEOS_DEPLOYMENT_TARGET = 18.4;
				LOCALIZATION_PREFERS_STRING_CATALOGS = YES;
				MTL_ENABLE_DEBUG_INFO = INCLUDE_SOURCE;
				MTL_FAST_MATH = YES;
				ONLY_ACTIVE_ARCH = YES;
				SDKROOT = iphoneos;
				SWIFT_ACTIVE_COMPILATION_CONDITIONS = "DEBUG $(inherited)";
				SWIFT_OPTIMIZATION_LEVEL = "-Onone";
			};
			name = Debug;
		};
		CB0100B12DD253DD005B1BA1 /* Release */ = {
			isa = XCBuildConfiguration;
			buildSettings = {
				ALWAYS_SEARCH_USER_PATHS = NO;
				ASSETCATALOG_COMPILER_GENERATE_SWIFT_ASSET_SYMBOL_EXTENSIONS = YES;
				CLANG_ANALYZER_NONNULL = YES;
				CLANG_ANALYZER_NUMBER_OBJECT_CONVERSION = YES_AGGRESSIVE;
				CLANG_CXX_LANGUAGE_STANDARD = "gnu++20";
				CLANG_ENABLE_MODULES = YES;
				CLANG_ENABLE_OBJC_ARC = YES;
				CLANG_ENABLE_OBJC_WEAK = YES;
				CLANG_WARN_BLOCK_CAPTURE_AUTORELEASING = YES;
				CLANG_WARN_BOOL_CONVERSION = YES;
				CLANG_WARN_COMMA = YES;
				CLANG_WARN_CONSTANT_CONVERSION = YES;
				CLANG_WARN_DEPRECATED_OBJC_IMPLEMENTATIONS = YES;
				CLANG_WARN_DIRECT_OBJC_ISA_USAGE = YES_ERROR;
				CLANG_WARN_DOCUMENTATION_COMMENTS = YES;
				CLANG_WARN_EMPTY_BODY = YES;
				CLANG_WARN_ENUM_CONVERSION = YES;
				CLANG_WARN_INFINITE_RECURSION = YES;
				CLANG_WARN_INT_CONVERSION = YES;
				CLANG_WARN_NON_LITERAL_NULL_CONVERSION = YES;
				CLANG_WARN_OBJC_IMPLICIT_RETAIN_SELF = YES;
				CLANG_WARN_OBJC_LITERAL_CONVERSION = YES;
				CLANG_WARN_OBJC_ROOT_CLASS = YES_ERROR;
				CLANG_WARN_QUOTED_INCLUDE_IN_FRAMEWORK_HEADER = YES;
				CLANG_WARN_RANGE_LOOP_ANALYSIS = YES;
				CLANG_WARN_STRICT_PROTOTYPES = YES;
				CLANG_WARN_SUSPICIOUS_MOVE = YES;
				CLANG_WARN_UNGUARDED_AVAILABILITY = YES_AGGRESSIVE;
				CLANG_WARN_UNREACHABLE_CODE = YES;
				CLANG_WARN__DUPLICATE_METHOD_MATCH = YES;
				COPY_PHASE_STRIP = NO;
				DEBUG_INFORMATION_FORMAT = "dwarf-with-dsym";
				DEVELOPMENT_TEAM = 32G264524B;
				ENABLE_NS_ASSERTIONS = NO;
				ENABLE_STRICT_OBJC_MSGSEND = YES;
				ENABLE_USER_SCRIPT_SANDBOXING = YES;
				GCC_C_LANGUAGE_STANDARD = gnu17;
				GCC_NO_COMMON_BLOCKS = YES;
				GCC_WARN_64_TO_32_BIT_CONVERSION = YES;
				GCC_WARN_ABOUT_RETURN_TYPE = YES_ERROR;
				GCC_WARN_UNDECLARED_SELECTOR = YES;
				GCC_WARN_UNINITIALIZED_AUTOS = YES_AGGRESSIVE;
				GCC_WARN_UNUSED_FUNCTION = YES;
				GCC_WARN_UNUSED_VARIABLE = YES;
				IPHONEOS_DEPLOYMENT_TARGET = 18.4;
				LOCALIZATION_PREFERS_STRING_CATALOGS = YES;
				MTL_ENABLE_DEBUG_INFO = NO;
				MTL_FAST_MATH = YES;
				SDKROOT = iphoneos;
				SWIFT_COMPILATION_MODE = wholemodule;
				VALIDATE_PRODUCT = YES;
			};
			name = Release;
		};
		CB0100B32DD253DD005B1BA1 /* Debug */ = {
			isa = XCBuildConfiguration;
			buildSettings = {
				ASSETCATALOG_COMPILER_APPICON_NAME = AppIcon;
				ASSETCATALOG_COMPILER_GLOBAL_ACCENT_COLOR_NAME = AccentColor;
				CODE_SIGN_STYLE = Automatic;
				CURRENT_PROJECT_VERSION = 1;
				DEVELOPMENT_TEAM = 32G264524B;
				ENABLE_PREVIEWS = YES;
				GENERATE_INFOPLIST_FILE = YES;
				INFOPLIST_KEY_LSApplicationCategoryType = "public.app-category.education";
				INFOPLIST_KEY_UIApplicationSceneManifest_Generation = YES;
				INFOPLIST_KEY_UIApplicationSupportsIndirectInputEvents = YES;
				INFOPLIST_KEY_UILaunchScreen_Generation = YES;
				INFOPLIST_KEY_UISupportedInterfaceOrientations_iPad = "UIInterfaceOrientationPortrait UIInterfaceOrientationPortraitUpsideDown UIInterfaceOrientationLandscapeLeft UIInterfaceOrientationLandscapeRight";
				INFOPLIST_KEY_UISupportedInterfaceOrientations_iPhone = "UIInterfaceOrientationPortrait UIInterfaceOrientationLandscapeLeft UIInterfaceOrientationLandscapeRight";
				LD_RUNPATH_SEARCH_PATHS = (
					"$(inherited)",
					"@executable_path/Frameworks",
				);
				MARKETING_VERSION = 1.0;
				PRODUCT_BUNDLE_IDENTIFIER = Shariq.SwiftUILearning;
				PRODUCT_NAME = "$(TARGET_NAME)";
				SWIFT_EMIT_LOC_STRINGS = YES;
				SWIFT_VERSION = 5.0;
				TARGETED_DEVICE_FAMILY = "1,2";
			};
			name = Debug;
		};
		CB0100B42DD253DD005B1BA1 /* Release */ = {
			isa = XCBuildConfiguration;
			buildSettings = {
				ASSETCATALOG_COMPILER_APPICON_NAME = AppIcon;
				ASSETCATALOG_COMPILER_GLOBAL_ACCENT_COLOR_NAME = AccentColor;
				CODE_SIGN_STYLE = Automatic;
				CURRENT_PROJECT_VERSION = 1;
				DEVELOPMENT_TEAM = 32G264524B;
				ENABLE_PREVIEWS = YES;
				GENERATE_INFOPLIST_FILE = YES;
				INFOPLIST_KEY_LSApplicationCategoryType = "public.app-category.education";
				INFOPLIST_KEY_UIApplicationSceneManifest_Generation = YES;
				INFOPLIST_KEY_UIApplicationSupportsIndirectInputEvents = YES;
				INFOPLIST_KEY_UILaunchScreen_Generation = YES;
				INFOPLIST_KEY_UISupportedInterfaceOrientations_iPad = "UIInterfaceOrientationPortrait UIInterfaceOrientationPortraitUpsideDown UIInterfaceOrientationLandscapeLeft UIInterfaceOrientationLandscapeRight";
				INFOPLIST_KEY_UISupportedInterfaceOrientations_iPhone = "UIInterfaceOrientationPortrait UIInterfaceOrientationLandscapeLeft UIInterfaceOrientationLandscapeRight";
				LD_RUNPATH_SEARCH_PATHS = (
					"$(inherited)",
					"@executable_path/Frameworks",
				);
				MARKETING_VERSION = 1.0;
				PRODUCT_BUNDLE_IDENTIFIER = Shariq.SwiftUILearning;
				PRODUCT_NAME = "$(TARGET_NAME)";
				SWIFT_EMIT_LOC_STRINGS = YES;
				SWIFT_VERSION = 5.0;
				TARGETED_DEVICE_FAMILY = "1,2";
			};
			name = Release;
		};
		CB0100B62DD253DD005B1BA1 /* Debug */ = {
			isa = XCBuildConfiguration;
			buildSettings = {
				BUNDLE_LOADER = "$(TEST_HOST)";
				CODE_SIGN_STYLE = Automatic;
				CURRENT_PROJECT_VERSION = 1;
				DEVELOPMENT_TEAM = 32G264524B;
				GENERATE_INFOPLIST_FILE = YES;
				IPHONEOS_DEPLOYMENT_TARGET = 18.4;
				MARKETING_VERSION = 1.0;
				PRODUCT_BUNDLE_IDENTIFIER = Shariq.SwiftUILearningTests;
				PRODUCT_NAME = "$(TARGET_NAME)";
				SWIFT_EMIT_LOC_STRINGS = NO;
				SWIFT_VERSION = 5.0;
				TARGETED_DEVICE_FAMILY = "1,2";
				TEST_HOST = "$(BUILT_PRODUCTS_DIR)/SwiftUILearning.app/$(BUNDLE_EXECUTABLE_FOLDER_PATH)/SwiftUILearning";
			};
			name = Debug;
		};
		CB0100B72DD253DD005B1BA1 /* Release */ = {
			isa = XCBuildConfiguration;
			buildSettings = {
				BUNDLE_LOADER = "$(TEST_HOST)";
				CODE_SIGN_STYLE = Automatic;
				CURRENT_PROJECT_VERSION = 1;
				DEVELOPMENT_TEAM = 32G264524B;
				GENERATE_INFOPLIST_FILE = YES;
				IPHONEOS_DEPLOYMENT_TARGET = 18.4;
				MARKETING_VERSION = 1.0;
				PRODUCT_BUNDLE_IDENTIFIER = Shariq.SwiftUILearningTests;
				PRODUCT_NAME = "$(TARGET_NAME)";
				SWIFT_EMIT_LOC_STRINGS = NO;
				SWIFT_VERSION = 5.0;
				TARGETED_DEVICE_FAMILY = "1,2";
				TEST_HOST = "$(BUILT_PRODUCTS_DIR)/SwiftUILearning.app/$(BUNDLE_EXECUTABLE_FOLDER_PATH)/SwiftUILearning";
			};
			name = Release;
		};
		CB0100B92DD253DD005B1BA1 /* Debug */ = {
			isa = XCBuildConfiguration;
			buildSettings = {
				CODE_SIGN_STYLE = Automatic;
				CURRENT_PROJECT_VERSION = 1;
				DEVELOPMENT_TEAM = 32G264524B;
				GENERATE_INFOPLIST_FILE = YES;
				MARKETING_VERSION = 1.0;
				PRODUCT_BUNDLE_IDENTIFIER = Shariq.SwiftUILearningUITests;
				PRODUCT_NAME = "$(TARGET_NAME)";
				SWIFT_EMIT_LOC_STRINGS = NO;
				SWIFT_VERSION = 5.0;
				TARGETED_DEVICE_FAMILY = "1,2";
				TEST_TARGET_NAME = SwiftUILearning;
			};
			name = Debug;
		};
		CB0100BA2DD253DD005B1BA1 /* Release */ = {
			isa = XCBuildConfiguration;
			buildSettings = {
				CODE_SIGN_STYLE = Automatic;
				CURRENT_PROJECT_VERSION = 1;
				DEVELOPMENT_TEAM = 32G264524B;
				GENERATE_INFOPLIST_FILE = YES;
				MARKETING_VERSION = 1.0;
				PRODUCT_BUNDLE_IDENTIFIER = Shariq.SwiftUILearningUITests;
				PRODUCT_NAME = "$(TARGET_NAME)";
				SWIFT_EMIT_LOC_STRINGS = NO;
				SWIFT_VERSION = 5.0;
				TARGETED_DEVICE_FAMILY = "1,2";
				TEST_TARGET_NAME = SwiftUILearning;
			};
			name = Release;
		};
/* End XCBuildConfiguration section */

/* Begin XCConfigurationList section */
		CB01008C2DD253DC005B1BA1 /* Build configuration list for PBXProject "SwiftUILearning" */ = {
			isa = XCConfigurationList;
			buildConfigurations = (
				CB0100B02DD253DD005B1BA1 /* Debug */,
				CB0100B12DD253DD005B1BA1 /* Release */,
			);
			defaultConfigurationIsVisible = 0;
			defaultConfigurationName = Release;
		};
		CB0100B22DD253DD005B1BA1 /* Build configuration list for PBXNativeTarget "SwiftUILearning" */ = {
			isa = XCConfigurationList;
			buildConfigurations = (
				CB0100B32DD253DD005B1BA1 /* Debug */,
				CB0100B42DD253DD005B1BA1 /* Release */,
			);
			defaultConfigurationIsVisible = 0;
			defaultConfigurationName = Release;
		};
		CB0100B52DD253DD005B1BA1 /* Build configuration list for PBXNativeTarget "SwiftUILearningTests" */ = {
			isa = XCConfigurationList;
			buildConfigurations = (
				CB0100B62DD253DD005B1BA1 /* Debug */,
				CB0100B72DD253DD005B1BA1 /* Release */,
			);
			defaultConfigurationIsVisible = 0;
			defaultConfigurationName = Release;
		};
		CB0100B82DD253DD005B1BA1 /* Build configuration list for PBXNativeTarget "SwiftUILearningUITests" */ = {
			isa = XCConfigurationList;
			buildConfigurations = (
				CB0100B92DD253DD005B1BA1 /* Debug */,
				CB0100BA2DD253DD005B1BA1 /* Release */,
			);
			defaultConfigurationIsVisible = 0;
			defaultConfigurationName = Release;
		};
/* End XCConfigurationList section */
	};
	rootObject = CB0100892DD253DC005B1BA1 /* Project object */;
}
